// !$*UTF8*$!
{
	archiveVersion = 1;
	classes = {
	};
	objectVersion = 55;
	objects = {

/* Begin PBXFileReference section */
		78088C692CFF8BE60084A27C /* cell.14.png */ = {isa = PBXFileReference; lastKnownFileType = image.png; path = cell.14.png; sourceTree = "<group>"; };
		7824991C2B67166900FBBE33 /* index.html */ = {isa = PBXFileReference; lastKnownFileType = text.html; path = index.html; sourceTree = "<group>"; };
		782499302B6989C400FBBE33 /* index.html */ = {isa = PBXFileReference; lastKnownFileType = text.html; path = index.html; sourceTree = "<group>"; };
		785C7B3B2BB9DE25003B115D /* cell.0.png */ = {isa = PBXFileReference; lastKnownFileType = image.png; path = cell.0.png; sourceTree = "<group>"; };
		785C7B3C2BB9DE25003B115D /* cell.1.png */ = {isa = PBXFileReference; lastKnownFileType = image.png; path = cell.1.png; sourceTree = "<group>"; };
		785C7B3D2BB9DE25003B115D /* cell.2.png */ = {isa = PBXFileReference; lastKnownFileType = image.png; path = cell.2.png; sourceTree = "<group>"; };
		785C7B3E2BB9DE25003B115D /* cell.3.png */ = {isa = PBXFileReference; lastKnownFileType = image.png; path = cell.3.png; sourceTree = "<group>"; };
		785C7B3F2BB9DE25003B115D /* cell.4.png */ = {isa = PBXFileReference; lastKnownFileType = image.png; path = cell.4.png; sourceTree = "<group>"; };
		785C7B402BB9DE25003B115D /* cell.5.png */ = {isa = PBXFileReference; lastKnownFileType = image.png; path = cell.5.png; sourceTree = "<group>"; };
		785C7B412BB9DE25003B115D /* cell.6.png */ = {isa = PBXFileReference; lastKnownFileType = image.png; path = cell.6.png; sourceTree = "<group>"; };
		785C7B422BB9DE25003B115D /* cell.7.png */ = {isa = PBXFileReference; lastKnownFileType = image.png; path = cell.7.png; sourceTree = "<group>"; };
		785C7B432BB9DE25003B115D /* cell.8.png */ = {isa = PBXFileReference; lastKnownFileType = image.png; path = cell.8.png; sourceTree = "<group>"; };
		785C7B442BB9DE25003B115D /* cell.9.png */ = {isa = PBXFileReference; lastKnownFileType = image.png; path = cell.9.png; sourceTree = "<group>"; };
		785C7B452BB9DE25003B115D /* cell.10.png */ = {isa = PBXFileReference; lastKnownFileType = image.png; path = cell.10.png; sourceTree = "<group>"; };
		785C7B462BB9DE25003B115D /* cell.11.png */ = {isa = PBXFileReference; lastKnownFileType = image.png; path = cell.11.png; sourceTree = "<group>"; };
		785C7B472BB9DE25003B115D /* cell.12.png */ = {isa = PBXFileReference; lastKnownFileType = image.png; path = cell.12.png; sourceTree = "<group>"; };
		785C7B482BB9DE25003B115D /* cell.13.png */ = {isa = PBXFileReference; lastKnownFileType = image.png; path = cell.13.png; sourceTree = "<group>"; };
		785C7B492BB9DE25003B115D /* main.png */ = {isa = PBXFileReference; lastKnownFileType = image.png; path = main.png; sourceTree = "<group>"; };
		785C7B4B2BB9DEDC003B115D /* cell.0.png */ = {isa = PBXFileReference; lastKnownFileType = image.png; path = cell.0.png; sourceTree = "<group>"; };
		785C7B4C2BB9DEDC003B115D /* cell.1.png */ = {isa = PBXFileReference; lastKnownFileType = image.png; path = cell.1.png; sourceTree = "<group>"; };
		785C7B4D2BB9DEDC003B115D /* cell.2.png */ = {isa = PBXFileReference; lastKnownFileType = image.png; path = cell.2.png; sourceTree = "<group>"; };
		785C7B4E2BB9DEDC003B115D /* cell.3.png */ = {isa = PBXFileReference; lastKnownFileType = image.png; path = cell.3.png; sourceTree = "<group>"; };
		785C7B4F2BB9DEDC003B115D /* cell.4.png */ = {isa = PBXFileReference; lastKnownFileType = image.png; path = cell.4.png; sourceTree = "<group>"; };
		785C7B502BB9DEDC003B115D /* cell.5.png */ = {isa = PBXFileReference; lastKnownFileType = image.png; path = cell.5.png; sourceTree = "<group>"; };
		785C7B512BB9DEDC003B115D /* cell.6.png */ = {isa = PBXFileReference; lastKnownFileType = image.png; path = cell.6.png; sourceTree = "<group>"; };
		785C7B522BB9DEDC003B115D /* cell.7.png */ = {isa = PBXFileReference; lastKnownFileType = image.png; path = cell.7.png; sourceTree = "<group>"; };
		785C7B532BB9DEDC003B115D /* cell.8.png */ = {isa = PBXFileReference; lastKnownFileType = image.png; path = cell.8.png; sourceTree = "<group>"; };
		785C7B542BB9DEDC003B115D /* cell.9.png */ = {isa = PBXFileReference; lastKnownFileType = image.png; path = cell.9.png; sourceTree = "<group>"; };
		785C7B552BB9DEDC003B115D /* cell.10.png */ = {isa = PBXFileReference; lastKnownFileType = image.png; path = cell.10.png; sourceTree = "<group>"; };
		785C7B562BB9DEDC003B115D /* cell.11.png */ = {isa = PBXFileReference; lastKnownFileType = image.png; path = cell.11.png; sourceTree = "<group>"; };
		785C7B572BB9DEDC003B115D /* cell.12.png */ = {isa = PBXFileReference; lastKnownFileType = image.png; path = cell.12.png; sourceTree = "<group>"; };
		785C7B582BB9DEDC003B115D /* cell.13.png */ = {isa = PBXFileReference; lastKnownFileType = image.png; path = cell.13.png; sourceTree = "<group>"; };
		785C7B592BB9DEDC003B115D /* main.png */ = {isa = PBXFileReference; lastKnownFileType = image.png; path = main.png; sourceTree = "<group>"; };
		785C7B5B2BB9DEED003B115D /* cell.0.png */ = {isa = PBXFileReference; lastKnownFileType = image.png; path = cell.0.png; sourceTree = "<group>"; };
		785C7B5C2BB9DEED003B115D /* cell.1.png */ = {isa = PBXFileReference; lastKnownFileType = image.png; path = cell.1.png; sourceTree = "<group>"; };
		785C7B5D2BB9DEED003B115D /* cell.2.png */ = {isa = PBXFileReference; lastKnownFileType = image.png; path = cell.2.png; sourceTree = "<group>"; };
		785C7B5E2BB9DEED003B115D /* cell.3.png */ = {isa = PBXFileReference; lastKnownFileType = image.png; path = cell.3.png; sourceTree = "<group>"; };
		785C7B5F2BB9DEED003B115D /* cell.4.png */ = {isa = PBXFileReference; lastKnownFileType = image.png; path = cell.4.png; sourceTree = "<group>"; };
		785C7B602BB9DEED003B115D /* cell.5.png */ = {isa = PBXFileReference; lastKnownFileType = image.png; path = cell.5.png; sourceTree = "<group>"; };
		785C7B612BB9DEED003B115D /* cell.6.png */ = {isa = PBXFileReference; lastKnownFileType = image.png; path = cell.6.png; sourceTree = "<group>"; };
		785C7B622BB9DEED003B115D /* cell.7.png */ = {isa = PBXFileReference; lastKnownFileType = image.png; path = cell.7.png; sourceTree = "<group>"; };
		785C7B632BB9DEED003B115D /* cell.8.png */ = {isa = PBXFileReference; lastKnownFileType = image.png; path = cell.8.png; sourceTree = "<group>"; };
		785C7B642BB9DEED003B115D /* cell.9.png */ = {isa = PBXFileReference; lastKnownFileType = image.png; path = cell.9.png; sourceTree = "<group>"; };
		785C7B652BB9DEED003B115D /* cell.10.png */ = {isa = PBXFileReference; lastKnownFileType = image.png; path = cell.10.png; sourceTree = "<group>"; };
		785C7B662BB9DEED003B115D /* cell.11.png */ = {isa = PBXFileReference; lastKnownFileType = image.png; path = cell.11.png; sourceTree = "<group>"; };
		785C7B672BB9DEED003B115D /* cell.12.png */ = {isa = PBXFileReference; lastKnownFileType = image.png; path = cell.12.png; sourceTree = "<group>"; };
		785C7B682BB9DEED003B115D /* cell.13.png */ = {isa = PBXFileReference; lastKnownFileType = image.png; path = cell.13.png; sourceTree = "<group>"; };
		785C7B692BB9DEED003B115D /* main.png */ = {isa = PBXFileReference; lastKnownFileType = image.png; path = main.png; sourceTree = "<group>"; };
		785C7B6B2BB9DEF5003B115D /* cell.0.png */ = {isa = PBXFileReference; lastKnownFileType = image.png; path = cell.0.png; sourceTree = "<group>"; };
		785C7B6C2BB9DEF5003B115D /* cell.1.png */ = {isa = PBXFileReference; lastKnownFileType = image.png; path = cell.1.png; sourceTree = "<group>"; };
		785C7B6D2BB9DEF5003B115D /* cell.2.png */ = {isa = PBXFileReference; lastKnownFileType = image.png; path = cell.2.png; sourceTree = "<group>"; };
		785C7B6E2BB9DEF5003B115D /* cell.3.png */ = {isa = PBXFileReference; lastKnownFileType = image.png; path = cell.3.png; sourceTree = "<group>"; };
		785C7B6F2BB9DEF5003B115D /* cell.4.png */ = {isa = PBXFileReference; lastKnownFileType = image.png; path = cell.4.png; sourceTree = "<group>"; };
		785C7B702BB9DEF5003B115D /* cell.5.png */ = {isa = PBXFileReference; lastKnownFileType = image.png; path = cell.5.png; sourceTree = "<group>"; };
		785C7B712BB9DEF5003B115D /* cell.6.png */ = {isa = PBXFileReference; lastKnownFileType = image.png; path = cell.6.png; sourceTree = "<group>"; };
		785C7B722BB9DEF5003B115D /* cell.7.png */ = {isa = PBXFileReference; lastKnownFileType = image.png; path = cell.7.png; sourceTree = "<group>"; };
		785C7B732BB9DEF5003B115D /* cell.8.png */ = {isa = PBXFileReference; lastKnownFileType = image.png; path = cell.8.png; sourceTree = "<group>"; };
		785C7B742BB9DEF5003B115D /* cell.9.png */ = {isa = PBXFileReference; lastKnownFileType = image.png; path = cell.9.png; sourceTree = "<group>"; };
		785C7B752BB9DEF5003B115D /* cell.10.png */ = {isa = PBXFileReference; lastKnownFileType = image.png; path = cell.10.png; sourceTree = "<group>"; };
		785C7B762BB9DEF5003B115D /* cell.11.png */ = {isa = PBXFileReference; lastKnownFileType = image.png; path = cell.11.png; sourceTree = "<group>"; };
		785C7B772BB9DEF5003B115D /* cell.12.png */ = {isa = PBXFileReference; lastKnownFileType = image.png; path = cell.12.png; sourceTree = "<group>"; };
		785C7B782BB9DEF5003B115D /* cell.13.png */ = {isa = PBXFileReference; lastKnownFileType = image.png; path = cell.13.png; sourceTree = "<group>"; };
		785C7B792BB9DEF5003B115D /* main.png */ = {isa = PBXFileReference; lastKnownFileType = image.png; path = main.png; sourceTree = "<group>"; };
		785C7B7B2BB9DEFD003B115D /* cell.0.png */ = {isa = PBXFileReference; lastKnownFileType = image.png; path = cell.0.png; sourceTree = "<group>"; };
		785C7B7C2BB9DEFD003B115D /* cell.1.png */ = {isa = PBXFileReference; lastKnownFileType = image.png; path = cell.1.png; sourceTree = "<group>"; };
		785C7B7D2BB9DEFD003B115D /* cell.2.png */ = {isa = PBXFileReference; lastKnownFileType = image.png; path = cell.2.png; sourceTree = "<group>"; };
		785C7B7E2BB9DEFD003B115D /* cell.3.png */ = {isa = PBXFileReference; lastKnownFileType = image.png; path = cell.3.png; sourceTree = "<group>"; };
		785C7B7F2BB9DEFD003B115D /* cell.4.png */ = {isa = PBXFileReference; lastKnownFileType = image.png; path = cell.4.png; sourceTree = "<group>"; };
		785C7B802BB9DEFD003B115D /* cell.5.png */ = {isa = PBXFileReference; lastKnownFileType = image.png; path = cell.5.png; sourceTree = "<group>"; };
		785C7B812BB9DEFD003B115D /* cell.6.png */ = {isa = PBXFileReference; lastKnownFileType = image.png; path = cell.6.png; sourceTree = "<group>"; };
		785C7B822BB9DEFD003B115D /* cell.7.png */ = {isa = PBXFileReference; lastKnownFileType = image.png; path = cell.7.png; sourceTree = "<group>"; };
		785C7B832BB9DEFD003B115D /* cell.8.png */ = {isa = PBXFileReference; lastKnownFileType = image.png; path = cell.8.png; sourceTree = "<group>"; };
		785C7B842BB9DEFD003B115D /* cell.9.png */ = {isa = PBXFileReference; lastKnownFileType = image.png; path = cell.9.png; sourceTree = "<group>"; };
		785C7B852BB9DEFD003B115D /* cell.10.png */ = {isa = PBXFileReference; lastKnownFileType = image.png; path = cell.10.png; sourceTree = "<group>"; };
		785C7B862BB9DEFD003B115D /* cell.11.png */ = {isa = PBXFileReference; lastKnownFileType = image.png; path = cell.11.png; sourceTree = "<group>"; };
		785C7B872BB9DEFD003B115D /* cell.12.png */ = {isa = PBXFileReference; lastKnownFileType = image.png; path = cell.12.png; sourceTree = "<group>"; };
		785C7B882BB9DEFD003B115D /* cell.13.png */ = {isa = PBXFileReference; lastKnownFileType = image.png; path = cell.13.png; sourceTree = "<group>"; };
		785C7B892BB9DEFD003B115D /* main.png */ = {isa = PBXFileReference; lastKnownFileType = image.png; path = main.png; sourceTree = "<group>"; };
		785C7B8B2BB9DF05003B115D /* cell.0.png */ = {isa = PBXFileReference; lastKnownFileType = image.png; path = cell.0.png; sourceTree = "<group>"; };
		785C7B8C2BB9DF05003B115D /* cell.1.png */ = {isa = PBXFileReference; lastKnownFileType = image.png; path = cell.1.png; sourceTree = "<group>"; };
		785C7B8D2BB9DF05003B115D /* cell.2.png */ = {isa = PBXFileReference; lastKnownFileType = image.png; path = cell.2.png; sourceTree = "<group>"; };
		785C7B8E2BB9DF05003B115D /* cell.3.png */ = {isa = PBXFileReference; lastKnownFileType = image.png; path = cell.3.png; sourceTree = "<group>"; };
		785C7B8F2BB9DF05003B115D /* cell.4.png */ = {isa = PBXFileReference; lastKnownFileType = image.png; path = cell.4.png; sourceTree = "<group>"; };
		785C7B902BB9DF05003B115D /* cell.5.png */ = {isa = PBXFileReference; lastKnownFileType = image.png; path = cell.5.png; sourceTree = "<group>"; };
		785C7B912BB9DF05003B115D /* cell.6.png */ = {isa = PBXFileReference; lastKnownFileType = image.png; path = cell.6.png; sourceTree = "<group>"; };
		785C7B922BB9DF05003B115D /* cell.7.png */ = {isa = PBXFileReference; lastKnownFileType = image.png; path = cell.7.png; sourceTree = "<group>"; };
		785C7B932BB9DF05003B115D /* cell.8.png */ = {isa = PBXFileReference; lastKnownFileType = image.png; path = cell.8.png; sourceTree = "<group>"; };
		785C7B942BB9DF05003B115D /* cell.9.png */ = {isa = PBXFileReference; lastKnownFileType = image.png; path = cell.9.png; sourceTree = "<group>"; };
		785C7B952BB9DF05003B115D /* cell.10.png */ = {isa = PBXFileReference; lastKnownFileType = image.png; path = cell.10.png; sourceTree = "<group>"; };
		785C7B962BB9DF05003B115D /* cell.11.png */ = {isa = PBXFileReference; lastKnownFileType = image.png; path = cell.11.png; sourceTree = "<group>"; };
		785C7B972BB9DF05003B115D /* cell.12.png */ = {isa = PBXFileReference; lastKnownFileType = image.png; path = cell.12.png; sourceTree = "<group>"; };
		785C7B982BB9DF05003B115D /* cell.13.png */ = {isa = PBXFileReference; lastKnownFileType = image.png; path = cell.13.png; sourceTree = "<group>"; };
		785C7B992BB9DF05003B115D /* main.png */ = {isa = PBXFileReference; lastKnownFileType = image.png; path = main.png; sourceTree = "<group>"; };
		785C7B9B2BB9DF0C003B115D /* cell.0.png */ = {isa = PBXFileReference; lastKnownFileType = image.png; path = cell.0.png; sourceTree = "<group>"; };
		785C7B9C2BB9DF0C003B115D /* cell.1.png */ = {isa = PBXFileReference; lastKnownFileType = image.png; path = cell.1.png; sourceTree = "<group>"; };
		785C7B9D2BB9DF0C003B115D /* cell.2.png */ = {isa = PBXFileReference; lastKnownFileType = image.png; path = cell.2.png; sourceTree = "<group>"; };
		785C7B9E2BB9DF0C003B115D /* cell.3.png */ = {isa = PBXFileReference; lastKnownFileType = image.png; path = cell.3.png; sourceTree = "<group>"; };
		785C7B9F2BB9DF0C003B115D /* cell.4.png */ = {isa = PBXFileReference; lastKnownFileType = image.png; path = cell.4.png; sourceTree = "<group>"; };
		785C7BA02BB9DF0C003B115D /* cell.5.png */ = {isa = PBXFileReference; lastKnownFileType = image.png; path = cell.5.png; sourceTree = "<group>"; };
		785C7BA12BB9DF0C003B115D /* cell.6.png */ = {isa = PBXFileReference; lastKnownFileType = image.png; path = cell.6.png; sourceTree = "<group>"; };
		785C7BA22BB9DF0C003B115D /* cell.7.png */ = {isa = PBXFileReference; lastKnownFileType = image.png; path = cell.7.png; sourceTree = "<group>"; };
		785C7BA32BB9DF0C003B115D /* cell.8.png */ = {isa = PBXFileReference; lastKnownFileType = image.png; path = cell.8.png; sourceTree = "<group>"; };
		785C7BA42BB9DF0C003B115D /* cell.9.png */ = {isa = PBXFileReference; lastKnownFileType = image.png; path = cell.9.png; sourceTree = "<group>"; };
		785C7BA52BB9DF0C003B115D /* cell.10.png */ = {isa = PBXFileReference; lastKnownFileType = image.png; path = cell.10.png; sourceTree = "<group>"; };
		785C7BA62BB9DF0C003B115D /* cell.11.png */ = {isa = PBXFileReference; lastKnownFileType = image.png; path = cell.11.png; sourceTree = "<group>"; };
		785C7BA72BB9DF0C003B115D /* cell.12.png */ = {isa = PBXFileReference; lastKnownFileType = image.png; path = cell.12.png; sourceTree = "<group>"; };
		785C7BA82BB9DF0C003B115D /* cell.13.png */ = {isa = PBXFileReference; lastKnownFileType = image.png; path = cell.13.png; sourceTree = "<group>"; };
		785C7BA92BB9DF0C003B115D /* main.png */ = {isa = PBXFileReference; lastKnownFileType = image.png; path = main.png; sourceTree = "<group>"; };
		785C7BAB2BB9F743003B115D /* cell.9a.png */ = {isa = PBXFileReference; lastKnownFileType = image.png; path = cell.9a.png; sourceTree = "<group>"; };
		786480EC29A574210059B3E5 /* team.html */ = {isa = PBXFileReference; lastKnownFileType = text.html; path = team.html; sourceTree = "<group>"; };
		78815C192B65D30E000234DA /* index.html */ = {isa = PBXFileReference; lastKnownFileType = text.html; path = index.html; sourceTree = "<group>"; };
		78815C232B66E84A000234DA /* index.html */ = {isa = PBXFileReference; lastKnownFileType = text.html; path = index.html; sourceTree = "<group>"; };
		78815C252B66E84A000234DA /* index.html */ = {isa = PBXFileReference; lastKnownFileType = text.html; path = index.html; sourceTree = "<group>"; };
		78815C272B66E84A000234DA /* index.html */ = {isa = PBXFileReference; lastKnownFileType = text.html; path = index.html; sourceTree = "<group>"; };
		78815C292B66E84A000234DA /* index.html */ = {isa = PBXFileReference; lastKnownFileType = text.html; path = index.html; sourceTree = "<group>"; };
		78815C2B2B66E84A000234DA /* index.html */ = {isa = PBXFileReference; lastKnownFileType = text.html; path = index.html; sourceTree = "<group>"; };
		78815C2D2B66E84A000234DA /* index.html */ = {isa = PBXFileReference; lastKnownFileType = text.html; path = index.html; sourceTree = "<group>"; };
		78815C2F2B66E84A000234DA /* index.html */ = {isa = PBXFileReference; lastKnownFileType = text.html; path = index.html; sourceTree = "<group>"; };
		78815C312B66E84A000234DA /* index.html */ = {isa = PBXFileReference; lastKnownFileType = text.html; path = index.html; sourceTree = "<group>"; };
		78815C332B66E84A000234DA /* index.html */ = {isa = PBXFileReference; lastKnownFileType = text.html; path = index.html; sourceTree = "<group>"; };
		78815C372B66E84A000234DA /* index.html */ = {isa = PBXFileReference; lastKnownFileType = text.html; path = index.html; sourceTree = "<group>"; };
		78815C3B2B66E84B000234DA /* index.html */ = {isa = PBXFileReference; lastKnownFileType = text.html; path = index.html; sourceTree = "<group>"; };
		78815C3D2B66E84B000234DA /* index.html */ = {isa = PBXFileReference; lastKnownFileType = text.html; path = index.html; sourceTree = "<group>"; };
		78815C3F2B66E84B000234DA /* index.html */ = {isa = PBXFileReference; lastKnownFileType = text.html; path = index.html; sourceTree = "<group>"; };
		78815C432B66F60B000234DA /* cell.11.png */ = {isa = PBXFileReference; lastKnownFileType = image.png; path = cell.11.png; sourceTree = "<group>"; };
		78815C442B66F60B000234DA /* cell.10.png */ = {isa = PBXFileReference; lastKnownFileType = image.png; path = cell.10.png; sourceTree = "<group>"; };
		78815C452B66F60B000234DA /* cell.12.png */ = {isa = PBXFileReference; lastKnownFileType = image.png; path = cell.12.png; sourceTree = "<group>"; };
		78815C462B66F60B000234DA /* cell.13.png */ = {isa = PBXFileReference; lastKnownFileType = image.png; path = cell.13.png; sourceTree = "<group>"; };
		78815C472B66F60B000234DA /* main.png */ = {isa = PBXFileReference; lastKnownFileType = image.png; path = main.png; sourceTree = "<group>"; };
		78815C482B66F60B000234DA /* cell.6.png */ = {isa = PBXFileReference; lastKnownFileType = image.png; path = cell.6.png; sourceTree = "<group>"; };
		78815C492B66F60B000234DA /* cell.7.png */ = {isa = PBXFileReference; lastKnownFileType = image.png; path = cell.7.png; sourceTree = "<group>"; };
		78815C4A2B66F60B000234DA /* cell.5.png */ = {isa = PBXFileReference; lastKnownFileType = image.png; path = cell.5.png; sourceTree = "<group>"; };
		78815C4B2B66F60B000234DA /* cell.4.png */ = {isa = PBXFileReference; lastKnownFileType = image.png; path = cell.4.png; sourceTree = "<group>"; };
		78815C4C2B66F60B000234DA /* cell.0.png */ = {isa = PBXFileReference; lastKnownFileType = image.png; path = cell.0.png; sourceTree = "<group>"; };
		78815C4D2B66F60B000234DA /* cell.1.png */ = {isa = PBXFileReference; lastKnownFileType = image.png; path = cell.1.png; sourceTree = "<group>"; };
		78815C4E2B66F60B000234DA /* cell.3.png */ = {isa = PBXFileReference; lastKnownFileType = image.png; path = cell.3.png; sourceTree = "<group>"; };
		78815C4F2B66F60B000234DA /* cell.2.png */ = {isa = PBXFileReference; lastKnownFileType = image.png; path = cell.2.png; sourceTree = "<group>"; };
		78815C502B66F60B000234DA /* cell.9.png */ = {isa = PBXFileReference; lastKnownFileType = image.png; path = cell.9.png; sourceTree = "<group>"; };
		78815C512B66F60B000234DA /* cell.8.png */ = {isa = PBXFileReference; lastKnownFileType = image.png; path = cell.8.png; sourceTree = "<group>"; };
		78815C532B67032B000234DA /* cell.11.png */ = {isa = PBXFileReference; lastKnownFileType = image.png; path = cell.11.png; sourceTree = "<group>"; };
		78815C542B67032B000234DA /* cell.10.png */ = {isa = PBXFileReference; lastKnownFileType = image.png; path = cell.10.png; sourceTree = "<group>"; };
		78815C552B67032B000234DA /* cell.12.png */ = {isa = PBXFileReference; lastKnownFileType = image.png; path = cell.12.png; sourceTree = "<group>"; };
		78815C562B67032B000234DA /* cell.13.png */ = {isa = PBXFileReference; lastKnownFileType = image.png; path = cell.13.png; sourceTree = "<group>"; };
		78815C572B67032B000234DA /* cell.6.png */ = {isa = PBXFileReference; lastKnownFileType = image.png; path = cell.6.png; sourceTree = "<group>"; };
		78815C582B67032B000234DA /* cell.7.png */ = {isa = PBXFileReference; lastKnownFileType = image.png; path = cell.7.png; sourceTree = "<group>"; };
		78815C592B67032B000234DA /* cell.5.png */ = {isa = PBXFileReference; lastKnownFileType = image.png; path = cell.5.png; sourceTree = "<group>"; };
		78815C5A2B67032B000234DA /* cell.4.png */ = {isa = PBXFileReference; lastKnownFileType = image.png; path = cell.4.png; sourceTree = "<group>"; };
		78815C5B2B67032B000234DA /* cell.0.png */ = {isa = PBXFileReference; lastKnownFileType = image.png; path = cell.0.png; sourceTree = "<group>"; };
		78815C5C2B67032B000234DA /* cell.1.png */ = {isa = PBXFileReference; lastKnownFileType = image.png; path = cell.1.png; sourceTree = "<group>"; };
		78815C5D2B67032B000234DA /* cell.3.png */ = {isa = PBXFileReference; lastKnownFileType = image.png; path = cell.3.png; sourceTree = "<group>"; };
		78815C5E2B67032B000234DA /* cell.2.png */ = {isa = PBXFileReference; lastKnownFileType = image.png; path = cell.2.png; sourceTree = "<group>"; };
		78815C5F2B67032B000234DA /* cell.9.png */ = {isa = PBXFileReference; lastKnownFileType = image.png; path = cell.9.png; sourceTree = "<group>"; };
		78815C602B67032B000234DA /* cell.8.png */ = {isa = PBXFileReference; lastKnownFileType = image.png; path = cell.8.png; sourceTree = "<group>"; };
		78815C622B6703AD000234DA /* cell.4.png */ = {isa = PBXFileReference; lastKnownFileType = image.png; path = cell.4.png; sourceTree = "<group>"; };
		78815C632B6703AD000234DA /* cell.2.png */ = {isa = PBXFileReference; lastKnownFileType = image.png; path = cell.2.png; sourceTree = "<group>"; };
		78815C642B6703AD000234DA /* cell.12.png */ = {isa = PBXFileReference; lastKnownFileType = image.png; path = cell.12.png; sourceTree = "<group>"; };
		78815C652B6703AD000234DA /* cell.10.png */ = {isa = PBXFileReference; lastKnownFileType = image.png; path = cell.10.png; sourceTree = "<group>"; };
		78815C662B6703AD000234DA /* cell.7.png */ = {isa = PBXFileReference; lastKnownFileType = image.png; path = cell.7.png; sourceTree = "<group>"; };
		78815C672B6703AD000234DA /* cell.3.png */ = {isa = PBXFileReference; lastKnownFileType = image.png; path = cell.3.png; sourceTree = "<group>"; };
		78815C682B6703AD000234DA /* cell.5.png */ = {isa = PBXFileReference; lastKnownFileType = image.png; path = cell.5.png; sourceTree = "<group>"; };
		78815C692B6703AD000234DA /* cell.9.png */ = {isa = PBXFileReference; lastKnownFileType = image.png; path = cell.9.png; sourceTree = "<group>"; };
		78815C6A2B6703AD000234DA /* cell.13.png */ = {isa = PBXFileReference; lastKnownFileType = image.png; path = cell.13.png; sourceTree = "<group>"; };
		78815C6B2B6703AD000234DA /* cell.8.png */ = {isa = PBXFileReference; lastKnownFileType = image.png; path = cell.8.png; sourceTree = "<group>"; };
		78815C6C2B6703AE000234DA /* cell.1.png */ = {isa = PBXFileReference; lastKnownFileType = image.png; path = cell.1.png; sourceTree = "<group>"; };
		78815C6D2B6703AE000234DA /* cell.6.png */ = {isa = PBXFileReference; lastKnownFileType = image.png; path = cell.6.png; sourceTree = "<group>"; };
		78815C6E2B6703AE000234DA /* cell.0.png */ = {isa = PBXFileReference; lastKnownFileType = image.png; path = cell.0.png; sourceTree = "<group>"; };
		78815C6F2B6703AE000234DA /* cell.11.png */ = {isa = PBXFileReference; lastKnownFileType = image.png; path = cell.11.png; sourceTree = "<group>"; };
		78815C712B6703B5000234DA /* cell.0.png */ = {isa = PBXFileReference; lastKnownFileType = image.png; path = cell.0.png; sourceTree = "<group>"; };
		78815C722B6703B5000234DA /* cell.8.png */ = {isa = PBXFileReference; lastKnownFileType = image.png; path = cell.8.png; sourceTree = "<group>"; };
		78815C732B6703B5000234DA /* cell.4.png */ = {isa = PBXFileReference; lastKnownFileType = image.png; path = cell.4.png; sourceTree = "<group>"; };
		78815C742B6703B5000234DA /* cell.7.png */ = {isa = PBXFileReference; lastKnownFileType = image.png; path = cell.7.png; sourceTree = "<group>"; };
		78815C752B6703B5000234DA /* cell.10.png */ = {isa = PBXFileReference; lastKnownFileType = image.png; path = cell.10.png; sourceTree = "<group>"; };
		78815C762B6703B5000234DA /* cell.1.png */ = {isa = PBXFileReference; lastKnownFileType = image.png; path = cell.1.png; sourceTree = "<group>"; };
		78815C772B6703B5000234DA /* cell.2.png */ = {isa = PBXFileReference; lastKnownFileType = image.png; path = cell.2.png; sourceTree = "<group>"; };
		78815C782B6703B5000234DA /* cell.3.png */ = {isa = PBXFileReference; lastKnownFileType = image.png; path = cell.3.png; sourceTree = "<group>"; };
		78815C792B6703B5000234DA /* cell.9.png */ = {isa = PBXFileReference; lastKnownFileType = image.png; path = cell.9.png; sourceTree = "<group>"; };
		78815C7A2B6703B5000234DA /* cell.12.png */ = {isa = PBXFileReference; lastKnownFileType = image.png; path = cell.12.png; sourceTree = "<group>"; };
		78815C7B2B6703B5000234DA /* cell.5.png */ = {isa = PBXFileReference; lastKnownFileType = image.png; path = cell.5.png; sourceTree = "<group>"; };
		78815C7C2B6703B5000234DA /* cell.13.png */ = {isa = PBXFileReference; lastKnownFileType = image.png; path = cell.13.png; sourceTree = "<group>"; };
		78815C7D2B6703B5000234DA /* cell.6.png */ = {isa = PBXFileReference; lastKnownFileType = image.png; path = cell.6.png; sourceTree = "<group>"; };
		78815C7E2B6703B5000234DA /* cell.11.png */ = {isa = PBXFileReference; lastKnownFileType = image.png; path = cell.11.png; sourceTree = "<group>"; };
		78815C802B6703BD000234DA /* cell.9.png */ = {isa = PBXFileReference; lastKnownFileType = image.png; path = cell.9.png; sourceTree = "<group>"; };
		78815C812B6703BD000234DA /* cell.10.png */ = {isa = PBXFileReference; lastKnownFileType = image.png; path = cell.10.png; sourceTree = "<group>"; };
		78815C822B6703BD000234DA /* cell.4.png */ = {isa = PBXFileReference; lastKnownFileType = image.png; path = cell.4.png; sourceTree = "<group>"; };
		78815C832B6703BD000234DA /* cell.11.png */ = {isa = PBXFileReference; lastKnownFileType = image.png; path = cell.11.png; sourceTree = "<group>"; };
		78815C842B6703BD000234DA /* cell.6.png */ = {isa = PBXFileReference; lastKnownFileType = image.png; path = cell.6.png; sourceTree = "<group>"; };
		78815C852B6703BD000234DA /* cell.8.png */ = {isa = PBXFileReference; lastKnownFileType = image.png; path = cell.8.png; sourceTree = "<group>"; };
		78815C862B6703BE000234DA /* cell.7.png */ = {isa = PBXFileReference; lastKnownFileType = image.png; path = cell.7.png; sourceTree = "<group>"; };
		78815C872B6703BE000234DA /* cell.3.png */ = {isa = PBXFileReference; lastKnownFileType = image.png; path = cell.3.png; sourceTree = "<group>"; };
		78815C882B6703BE000234DA /* cell.13.png */ = {isa = PBXFileReference; lastKnownFileType = image.png; path = cell.13.png; sourceTree = "<group>"; };
		78815C892B6703BE000234DA /* cell.12.png */ = {isa = PBXFileReference; lastKnownFileType = image.png; path = cell.12.png; sourceTree = "<group>"; };
		78815C8A2B6703BE000234DA /* cell.2.png */ = {isa = PBXFileReference; lastKnownFileType = image.png; path = cell.2.png; sourceTree = "<group>"; };
		78815C8B2B6703BE000234DA /* cell.1.png */ = {isa = PBXFileReference; lastKnownFileType = image.png; path = cell.1.png; sourceTree = "<group>"; };
		78815C8C2B6703BE000234DA /* cell.5.png */ = {isa = PBXFileReference; lastKnownFileType = image.png; path = cell.5.png; sourceTree = "<group>"; };
		78815C8D2B6703BE000234DA /* cell.0.png */ = {isa = PBXFileReference; lastKnownFileType = image.png; path = cell.0.png; sourceTree = "<group>"; };
		78815C8F2B6703C3000234DA /* cell.6.png */ = {isa = PBXFileReference; lastKnownFileType = image.png; path = cell.6.png; sourceTree = "<group>"; };
		78815C902B6703C3000234DA /* cell.2.png */ = {isa = PBXFileReference; lastKnownFileType = image.png; path = cell.2.png; sourceTree = "<group>"; };
		78815C912B6703C3000234DA /* cell.10.png */ = {isa = PBXFileReference; lastKnownFileType = image.png; path = cell.10.png; sourceTree = "<group>"; };
		78815C922B6703C3000234DA /* cell.7.png */ = {isa = PBXFileReference; lastKnownFileType = image.png; path = cell.7.png; sourceTree = "<group>"; };
		78815C932B6703C3000234DA /* cell.3.png */ = {isa = PBXFileReference; lastKnownFileType = image.png; path = cell.3.png; sourceTree = "<group>"; };
		78815C942B6703C3000234DA /* cell.9.png */ = {isa = PBXFileReference; lastKnownFileType = image.png; path = cell.9.png; sourceTree = "<group>"; };
		78815C952B6703C3000234DA /* cell.13.png */ = {isa = PBXFileReference; lastKnownFileType = image.png; path = cell.13.png; sourceTree = "<group>"; };
		78815C962B6703C3000234DA /* cell.1.png */ = {isa = PBXFileReference; lastKnownFileType = image.png; path = cell.1.png; sourceTree = "<group>"; };
		78815C972B6703C3000234DA /* cell.8.png */ = {isa = PBXFileReference; lastKnownFileType = image.png; path = cell.8.png; sourceTree = "<group>"; };
		78815C982B6703C4000234DA /* cell.11.png */ = {isa = PBXFileReference; lastKnownFileType = image.png; path = cell.11.png; sourceTree = "<group>"; };
		78815C992B6703C4000234DA /* cell.12.png */ = {isa = PBXFileReference; lastKnownFileType = image.png; path = cell.12.png; sourceTree = "<group>"; };
		78815C9A2B6703C4000234DA /* cell.0.png */ = {isa = PBXFileReference; lastKnownFileType = image.png; path = cell.0.png; sourceTree = "<group>"; };
		78815C9B2B6703C4000234DA /* cell.5.png */ = {isa = PBXFileReference; lastKnownFileType = image.png; path = cell.5.png; sourceTree = "<group>"; };
		78815C9C2B6703C4000234DA /* cell.4.png */ = {isa = PBXFileReference; lastKnownFileType = image.png; path = cell.4.png; sourceTree = "<group>"; };
		78815C9E2B6703CA000234DA /* cell.8.png */ = {isa = PBXFileReference; lastKnownFileType = image.png; path = cell.8.png; sourceTree = "<group>"; };
		78815C9F2B6703CA000234DA /* cell.1.png */ = {isa = PBXFileReference; lastKnownFileType = image.png; path = cell.1.png; sourceTree = "<group>"; };
		78815CA02B6703CA000234DA /* cell.3.png */ = {isa = PBXFileReference; lastKnownFileType = image.png; path = cell.3.png; sourceTree = "<group>"; };
		78815CA12B6703CA000234DA /* cell.5.png */ = {isa = PBXFileReference; lastKnownFileType = image.png; path = cell.5.png; sourceTree = "<group>"; };
		78815CA22B6703CA000234DA /* cell.7.png */ = {isa = PBXFileReference; lastKnownFileType = image.png; path = cell.7.png; sourceTree = "<group>"; };
		78815CA32B6703CA000234DA /* cell.4.png */ = {isa = PBXFileReference; lastKnownFileType = image.png; path = cell.4.png; sourceTree = "<group>"; };
		78815CA42B6703CA000234DA /* cell.13.png */ = {isa = PBXFileReference; lastKnownFileType = image.png; path = cell.13.png; sourceTree = "<group>"; };
		78815CA52B6703CA000234DA /* cell.11.png */ = {isa = PBXFileReference; lastKnownFileType = image.png; path = cell.11.png; sourceTree = "<group>"; };
		78815CA62B6703CA000234DA /* cell.9.png */ = {isa = PBXFileReference; lastKnownFileType = image.png; path = cell.9.png; sourceTree = "<group>"; };
		78815CA72B6703CA000234DA /* cell.6.png */ = {isa = PBXFileReference; lastKnownFileType = image.png; path = cell.6.png; sourceTree = "<group>"; };
		78815CA82B6703CA000234DA /* cell.10.png */ = {isa = PBXFileReference; lastKnownFileType = image.png; path = cell.10.png; sourceTree = "<group>"; };
		78815CA92B6703CA000234DA /* cell.2.png */ = {isa = PBXFileReference; lastKnownFileType = image.png; path = cell.2.png; sourceTree = "<group>"; };
		78815CAA2B6703CA000234DA /* cell.12.png */ = {isa = PBXFileReference; lastKnownFileType = image.png; path = cell.12.png; sourceTree = "<group>"; };
		78815CAB2B6703CA000234DA /* cell.0.png */ = {isa = PBXFileReference; lastKnownFileType = image.png; path = cell.0.png; sourceTree = "<group>"; };
		78815CAD2B6703E3000234DA /* cell.11.png */ = {isa = PBXFileReference; lastKnownFileType = image.png; path = cell.11.png; sourceTree = "<group>"; };
		78815CAE2B6703E3000234DA /* cell.10.png */ = {isa = PBXFileReference; lastKnownFileType = image.png; path = cell.10.png; sourceTree = "<group>"; };
		78815CAF2B6703E3000234DA /* cell.12.png */ = {isa = PBXFileReference; lastKnownFileType = image.png; path = cell.12.png; sourceTree = "<group>"; };
		78815CB02B6703E3000234DA /* cell.13.png */ = {isa = PBXFileReference; lastKnownFileType = image.png; path = cell.13.png; sourceTree = "<group>"; };
		78815CB12B6703E3000234DA /* cell.6.png */ = {isa = PBXFileReference; lastKnownFileType = image.png; path = cell.6.png; sourceTree = "<group>"; };
		78815CB22B6703E3000234DA /* cell.7.png */ = {isa = PBXFileReference; lastKnownFileType = image.png; path = cell.7.png; sourceTree = "<group>"; };
		78815CB32B6703E3000234DA /* cell.5.png */ = {isa = PBXFileReference; lastKnownFileType = image.png; path = cell.5.png; sourceTree = "<group>"; };
		78815CB42B6703E3000234DA /* cell.4.png */ = {isa = PBXFileReference; lastKnownFileType = image.png; path = cell.4.png; sourceTree = "<group>"; };
		78815CB52B6703E3000234DA /* cell.0.png */ = {isa = PBXFileReference; lastKnownFileType = image.png; path = cell.0.png; sourceTree = "<group>"; };
		78815CB62B6703E3000234DA /* cell.1.png */ = {isa = PBXFileReference; lastKnownFileType = image.png; path = cell.1.png; sourceTree = "<group>"; };
		78815CB72B6703E3000234DA /* cell.3.png */ = {isa = PBXFileReference; lastKnownFileType = image.png; path = cell.3.png; sourceTree = "<group>"; };
		78815CB82B6703E3000234DA /* cell.2.png */ = {isa = PBXFileReference; lastKnownFileType = image.png; path = cell.2.png; sourceTree = "<group>"; };
		78815CB92B6703E3000234DA /* cell.9.png */ = {isa = PBXFileReference; lastKnownFileType = image.png; path = cell.9.png; sourceTree = "<group>"; };
		78815CBA2B6703E3000234DA /* cell.8.png */ = {isa = PBXFileReference; lastKnownFileType = image.png; path = cell.8.png; sourceTree = "<group>"; };
		78F6D6B72D012BD1003F0930 /* cell.9a.png */ = {isa = PBXFileReference; lastKnownFileType = image.png; path = cell.9a.png; sourceTree = "<group>"; };
		78F6D6B82D012BD1003F0930 /* cell.14.png */ = {isa = PBXFileReference; lastKnownFileType = image.png; path = cell.14.png; sourceTree = "<group>"; };
		78F6D6B92D012BED003F0930 /* cell.9a.png */ = {isa = PBXFileReference; lastKnownFileType = image.png; path = cell.9a.png; sourceTree = "<group>"; };
		78F6D6BA2D012BED003F0930 /* cell.14.png */ = {isa = PBXFileReference; lastKnownFileType = image.png; path = cell.14.png; sourceTree = "<group>"; };
		78F6D6BB2D012C21003F0930 /* cell.9a.png */ = {isa = PBXFileReference; lastKnownFileType = image.png; path = cell.9a.png; sourceTree = "<group>"; };
		78F6D6BC2D012C21003F0930 /* cell.14.png */ = {isa = PBXFileReference; lastKnownFileType = image.png; path = cell.14.png; sourceTree = "<group>"; };
		78F6D6BD2D012C3A003F0930 /* cell.9a.png */ = {isa = PBXFileReference; lastKnownFileType = image.png; path = cell.9a.png; sourceTree = "<group>"; };
		78F6D6BE2D012C3A003F0930 /* cell.14.png */ = {isa = PBXFileReference; lastKnownFileType = image.png; path = cell.14.png; sourceTree = "<group>"; };
		78F6D6BF2D012C4E003F0930 /* cell.9a.png */ = {isa = PBXFileReference; lastKnownFileType = image.png; path = cell.9a.png; sourceTree = "<group>"; };
		78F6D6C02D012C4E003F0930 /* cell.14.png */ = {isa = PBXFileReference; lastKnownFileType = image.png; path = cell.14.png; sourceTree = "<group>"; };
		78F6D6C12D012C60003F0930 /* cell.9a.png */ = {isa = PBXFileReference; lastKnownFileType = image.png; path = cell.9a.png; sourceTree = "<group>"; };
		78F6D6C22D012C60003F0930 /* cell.14.png */ = {isa = PBXFileReference; lastKnownFileType = image.png; path = cell.14.png; sourceTree = "<group>"; };
		78F6D6C32D012C73003F0930 /* cell.9a.png */ = {isa = PBXFileReference; lastKnownFileType = image.png; path = cell.9a.png; sourceTree = "<group>"; };
		78F6D6C42D012C73003F0930 /* cell.14.png */ = {isa = PBXFileReference; lastKnownFileType = image.png; path = cell.14.png; sourceTree = "<group>"; };
		78F6D6C52D012C85003F0930 /* cell.9a.png */ = {isa = PBXFileReference; lastKnownFileType = image.png; path = cell.9a.png; sourceTree = "<group>"; };
		78F6D6C62D012C85003F0930 /* cell.14.png */ = {isa = PBXFileReference; lastKnownFileType = image.png; path = cell.14.png; sourceTree = "<group>"; };
		78F6D6C72D012C99003F0930 /* cell.9a.png */ = {isa = PBXFileReference; lastKnownFileType = image.png; path = cell.9a.png; sourceTree = "<group>"; };
		78F6D6C82D012C99003F0930 /* cell.14.png */ = {isa = PBXFileReference; lastKnownFileType = image.png; path = cell.14.png; sourceTree = "<group>"; };
		78F6D6C92D012CAB003F0930 /* cell.9a.png */ = {isa = PBXFileReference; lastKnownFileType = image.png; path = cell.9a.png; sourceTree = "<group>"; };
		78F6D6CA2D012CAB003F0930 /* cell.14.png */ = {isa = PBXFileReference; lastKnownFileType = image.png; path = cell.14.png; sourceTree = "<group>"; };
		78F6D6CB2D012CBE003F0930 /* cell.9a.png */ = {isa = PBXFileReference; lastKnownFileType = image.png; path = cell.9a.png; sourceTree = "<group>"; };
		78F6D6CC2D012CBE003F0930 /* cell.14.png */ = {isa = PBXFileReference; lastKnownFileType = image.png; path = cell.14.png; sourceTree = "<group>"; };
		78F6D6CD2D012CD1003F0930 /* cell.9a.png */ = {isa = PBXFileReference; lastKnownFileType = image.png; path = cell.9a.png; sourceTree = "<group>"; };
		78F6D6CE2D012CD1003F0930 /* cell.14.png */ = {isa = PBXFileReference; lastKnownFileType = image.png; path = cell.14.png; sourceTree = "<group>"; };
		78F6D6CF2D012CE5003F0930 /* cell.9a.png */ = {isa = PBXFileReference; lastKnownFileType = image.png; path = cell.9a.png; sourceTree = "<group>"; };
		78F6D6D02D012CE5003F0930 /* cell.14.png */ = {isa = PBXFileReference; lastKnownFileType = image.png; path = cell.14.png; sourceTree = "<group>"; };
		78F6D6D12D012CF6003F0930 /* cell.9a.png */ = {isa = PBXFileReference; lastKnownFileType = image.png; path = cell.9a.png; sourceTree = "<group>"; };
		78F6D6D22D012CF6003F0930 /* cell.14.png */ = {isa = PBXFileReference; lastKnownFileType = image.png; path = cell.14.png; sourceTree = "<group>"; };
		78F6D6D32D012D1E003F0930 /* main.png */ = {isa = PBXFileReference; lastKnownFileType = image.png; path = main.png; sourceTree = "<group>"; };
		78F6D6D42D012D2E003F0930 /* main.png */ = {isa = PBXFileReference; lastKnownFileType = image.png; path = main.png; sourceTree = "<group>"; };
		78F6D6D52D012D57003F0930 /* main.png */ = {isa = PBXFileReference; lastKnownFileType = image.png; path = main.png; sourceTree = "<group>"; };
		78F6D6D62D012D65003F0930 /* main.png */ = {isa = PBXFileReference; lastKnownFileType = image.png; path = main.png; sourceTree = "<group>"; };
		78F6D6D72D012D73003F0930 /* main.png */ = {isa = PBXFileReference; lastKnownFileType = image.png; path = main.png; sourceTree = "<group>"; };
		78F6D6D82D012D8D003F0930 /* main.png */ = {isa = PBXFileReference; lastKnownFileType = image.png; path = main.png; sourceTree = "<group>"; };
		78F6D6D92D012D97003F0930 /* main.png */ = {isa = PBXFileReference; lastKnownFileType = image.png; path = main.png; sourceTree = "<group>"; };
		9726ECE22853F22F002E7BDD /* contact.html */ = {isa = PBXFileReference; lastKnownFileType = text.html; path = contact.html; sourceTree = "<group>"; };
		9726ECE3285401E0002E7BDD /* CNAME */ = {isa = PBXFileReference; lastKnownFileType = text; path = CNAME; sourceTree = "<group>"; };
		973AEB2F2900633600146F05 /* index.html */ = {isa = PBXFileReference; lastKnownFileType = text.html; path = index.html; sourceTree = "<group>"; };
		973AEB312900633600146F05 /* index.html */ = {isa = PBXFileReference; lastKnownFileType = text.html; path = index.html; sourceTree = "<group>"; };
		973AEB332900633600146F05 /* index.html */ = {isa = PBXFileReference; lastKnownFileType = text.html; path = index.html; sourceTree = "<group>"; };
		973AEB352900633600146F05 /* index.html */ = {isa = PBXFileReference; lastKnownFileType = text.html; path = index.html; sourceTree = "<group>"; };
		973AEB372900633600146F05 /* index.html */ = {isa = PBXFileReference; lastKnownFileType = text.html; path = index.html; sourceTree = "<group>"; };
		973AEB392900633600146F05 /* index.html */ = {isa = PBXFileReference; lastKnownFileType = text.html; path = index.html; sourceTree = "<group>"; };
		973AEB3B2900633600146F05 /* index.html */ = {isa = PBXFileReference; lastKnownFileType = text.html; path = index.html; sourceTree = "<group>"; };
		973AEB3D2900633600146F05 /* index.html */ = {isa = PBXFileReference; lastKnownFileType = text.html; path = index.html; sourceTree = "<group>"; };
		973AEB412900633600146F05 /* index.html */ = {isa = PBXFileReference; lastKnownFileType = text.html; path = index.html; sourceTree = "<group>"; };
		973AEB432900633600146F05 /* index.html */ = {isa = PBXFileReference; lastKnownFileType = text.html; path = index.html; sourceTree = "<group>"; };
		973AEB452900633700146F05 /* index.html */ = {isa = PBXFileReference; lastKnownFileType = text.html; path = index.html; sourceTree = "<group>"; };
		973AEB472900633700146F05 /* index.html */ = {isa = PBXFileReference; lastKnownFileType = text.html; path = index.html; sourceTree = "<group>"; };
		973AEB492900633700146F05 /* index.html */ = {isa = PBXFileReference; lastKnownFileType = text.html; path = index.html; sourceTree = "<group>"; };
		973AEB4B2900633700146F05 /* index.html */ = {isa = PBXFileReference; lastKnownFileType = text.html; path = index.html; sourceTree = "<group>"; };
		975E7071284BE3EB00241F55 /* images */ = {isa = PBXFileReference; lastKnownFileType = folder; path = images; sourceTree = "<group>"; };
		975E7072284BE3EB00241F55 /* privacy-policy.html */ = {isa = PBXFileReference; lastKnownFileType = text.html; path = "privacy-policy.html"; sourceTree = "<group>"; };
		975E7073284BE3EB00241F55 /* privacy-policy-2022.html */ = {isa = PBXFileReference; lastKnownFileType = text.html; path = "privacy-policy-2022.html"; sourceTree = "<group>"; };
		975E7074284BE3EB00241F55 /* stylesheets */ = {isa = PBXFileReference; lastKnownFileType = folder; path = stylesheets; sourceTree = "<group>"; };
		975E7075284BE3EB00241F55 /* index.html */ = {isa = PBXFileReference; lastKnownFileType = text.html; path = index.html; sourceTree = "<group>"; };
		975E7076284BE3EB00241F55 /* icons */ = {isa = PBXFileReference; lastKnownFileType = folder; path = icons; sourceTree = "<group>"; };
		975E7077284BE3F900241F55 /* .gitignore */ = {isa = PBXFileReference; lastKnownFileType = text; path = .gitignore; sourceTree = "<group>"; };
		97D5B1CC2858161100B5433A /* snippets.not.to.be.committed */ = {isa = PBXFileReference; lastKnownFileType = text; path = snippets.not.to.be.committed; sourceTree = "<group>"; };
/* End PBXFileReference section */

/* Begin PBXGroup section */
		785C7B4A2BB9DE25003B115D /* images */ = {
			isa = PBXGroup;
			children = (
				785C7B3B2BB9DE25003B115D /* cell.0.png */,
				785C7B3C2BB9DE25003B115D /* cell.1.png */,
				785C7B3D2BB9DE25003B115D /* cell.2.png */,
				785C7B3E2BB9DE25003B115D /* cell.3.png */,
				785C7B3F2BB9DE25003B115D /* cell.4.png */,
				785C7B402BB9DE25003B115D /* cell.5.png */,
				785C7B412BB9DE25003B115D /* cell.6.png */,
				785C7B422BB9DE25003B115D /* cell.7.png */,
				785C7B432BB9DE25003B115D /* cell.8.png */,
				785C7B442BB9DE25003B115D /* cell.9.png */,
				78F6D6C52D012C85003F0930 /* cell.9a.png */,
				785C7B452BB9DE25003B115D /* cell.10.png */,
				785C7B462BB9DE25003B115D /* cell.11.png */,
				785C7B472BB9DE25003B115D /* cell.12.png */,
				785C7B482BB9DE25003B115D /* cell.13.png */,
				78F6D6C62D012C85003F0930 /* cell.14.png */,
				785C7B492BB9DE25003B115D /* main.png */,
			);
			path = images;
			sourceTree = "<group>";
		};
		785C7B5A2BB9DEDC003B115D /* images */ = {
			isa = PBXGroup;
			children = (
				785C7B4B2BB9DEDC003B115D /* cell.0.png */,
				785C7B4C2BB9DEDC003B115D /* cell.1.png */,
				785C7B4D2BB9DEDC003B115D /* cell.2.png */,
				785C7B4E2BB9DEDC003B115D /* cell.3.png */,
				785C7B4F2BB9DEDC003B115D /* cell.4.png */,
				785C7B502BB9DEDC003B115D /* cell.5.png */,
				785C7B512BB9DEDC003B115D /* cell.6.png */,
				785C7B522BB9DEDC003B115D /* cell.7.png */,
				785C7B532BB9DEDC003B115D /* cell.8.png */,
				785C7B542BB9DEDC003B115D /* cell.9.png */,
				78F6D6C72D012C99003F0930 /* cell.9a.png */,
				785C7B552BB9DEDC003B115D /* cell.10.png */,
				785C7B562BB9DEDC003B115D /* cell.11.png */,
				785C7B572BB9DEDC003B115D /* cell.12.png */,
				785C7B582BB9DEDC003B115D /* cell.13.png */,
				78F6D6C82D012C99003F0930 /* cell.14.png */,
				785C7B592BB9DEDC003B115D /* main.png */,
			);
			path = images;
			sourceTree = "<group>";
		};
		785C7B6A2BB9DEED003B115D /* images */ = {
			isa = PBXGroup;
			children = (
				785C7B5B2BB9DEED003B115D /* cell.0.png */,
				785C7B5C2BB9DEED003B115D /* cell.1.png */,
				785C7B5D2BB9DEED003B115D /* cell.2.png */,
				785C7B5E2BB9DEED003B115D /* cell.3.png */,
				785C7B5F2BB9DEED003B115D /* cell.4.png */,
				785C7B602BB9DEED003B115D /* cell.5.png */,
				785C7B612BB9DEED003B115D /* cell.6.png */,
				785C7B622BB9DEED003B115D /* cell.7.png */,
				785C7B632BB9DEED003B115D /* cell.8.png */,
				785C7B642BB9DEED003B115D /* cell.9.png */,
				78F6D6C92D012CAB003F0930 /* cell.9a.png */,
				785C7B652BB9DEED003B115D /* cell.10.png */,
				785C7B662BB9DEED003B115D /* cell.11.png */,
				785C7B672BB9DEED003B115D /* cell.12.png */,
				785C7B682BB9DEED003B115D /* cell.13.png */,
				78F6D6CA2D012CAB003F0930 /* cell.14.png */,
				785C7B692BB9DEED003B115D /* main.png */,
			);
			path = images;
			sourceTree = "<group>";
		};
		785C7B7A2BB9DEF5003B115D /* images */ = {
			isa = PBXGroup;
			children = (
				785C7B6B2BB9DEF5003B115D /* cell.0.png */,
				785C7B6C2BB9DEF5003B115D /* cell.1.png */,
				785C7B6D2BB9DEF5003B115D /* cell.2.png */,
				785C7B6E2BB9DEF5003B115D /* cell.3.png */,
				785C7B6F2BB9DEF5003B115D /* cell.4.png */,
				785C7B702BB9DEF5003B115D /* cell.5.png */,
				785C7B712BB9DEF5003B115D /* cell.6.png */,
				785C7B722BB9DEF5003B115D /* cell.7.png */,
				785C7B732BB9DEF5003B115D /* cell.8.png */,
				785C7B742BB9DEF5003B115D /* cell.9.png */,
				78F6D6CB2D012CBE003F0930 /* cell.9a.png */,
				785C7B752BB9DEF5003B115D /* cell.10.png */,
				785C7B762BB9DEF5003B115D /* cell.11.png */,
				785C7B772BB9DEF5003B115D /* cell.12.png */,
				785C7B782BB9DEF5003B115D /* cell.13.png */,
				78F6D6CC2D012CBE003F0930 /* cell.14.png */,
				785C7B792BB9DEF5003B115D /* main.png */,
			);
			path = images;
			sourceTree = "<group>";
		};
		785C7B8A2BB9DEFD003B115D /* images */ = {
			isa = PBXGroup;
			children = (
				785C7B7B2BB9DEFD003B115D /* cell.0.png */,
				785C7B7C2BB9DEFD003B115D /* cell.1.png */,
				785C7B7D2BB9DEFD003B115D /* cell.2.png */,
				785C7B7E2BB9DEFD003B115D /* cell.3.png */,
				785C7B7F2BB9DEFD003B115D /* cell.4.png */,
				785C7B802BB9DEFD003B115D /* cell.5.png */,
				785C7B812BB9DEFD003B115D /* cell.6.png */,
				785C7B822BB9DEFD003B115D /* cell.7.png */,
				785C7B832BB9DEFD003B115D /* cell.8.png */,
				785C7B842BB9DEFD003B115D /* cell.9.png */,
				78F6D6CD2D012CD1003F0930 /* cell.9a.png */,
				785C7B852BB9DEFD003B115D /* cell.10.png */,
				785C7B862BB9DEFD003B115D /* cell.11.png */,
				785C7B872BB9DEFD003B115D /* cell.12.png */,
				785C7B882BB9DEFD003B115D /* cell.13.png */,
				78F6D6CE2D012CD1003F0930 /* cell.14.png */,
				785C7B892BB9DEFD003B115D /* main.png */,
			);
			path = images;
			sourceTree = "<group>";
		};
		785C7B9A2BB9DF05003B115D /* images */ = {
			isa = PBXGroup;
			children = (
				785C7B8B2BB9DF05003B115D /* cell.0.png */,
				785C7B8C2BB9DF05003B115D /* cell.1.png */,
				785C7B8D2BB9DF05003B115D /* cell.2.png */,
				785C7B8E2BB9DF05003B115D /* cell.3.png */,
				785C7B8F2BB9DF05003B115D /* cell.4.png */,
				785C7B902BB9DF05003B115D /* cell.5.png */,
				785C7B912BB9DF05003B115D /* cell.6.png */,
				785C7B922BB9DF05003B115D /* cell.7.png */,
				785C7B932BB9DF05003B115D /* cell.8.png */,
				785C7B942BB9DF05003B115D /* cell.9.png */,
				78F6D6CF2D012CE5003F0930 /* cell.9a.png */,
				785C7B952BB9DF05003B115D /* cell.10.png */,
				785C7B962BB9DF05003B115D /* cell.11.png */,
				785C7B972BB9DF05003B115D /* cell.12.png */,
				785C7B982BB9DF05003B115D /* cell.13.png */,
				78F6D6D02D012CE5003F0930 /* cell.14.png */,
				785C7B992BB9DF05003B115D /* main.png */,
			);
			path = images;
			sourceTree = "<group>";
		};
		785C7BAA2BB9DF0C003B115D /* images */ = {
			isa = PBXGroup;
			children = (
				785C7B9B2BB9DF0C003B115D /* cell.0.png */,
				785C7B9C2BB9DF0C003B115D /* cell.1.png */,
				785C7B9D2BB9DF0C003B115D /* cell.2.png */,
				785C7B9E2BB9DF0C003B115D /* cell.3.png */,
				785C7B9F2BB9DF0C003B115D /* cell.4.png */,
				785C7BA02BB9DF0C003B115D /* cell.5.png */,
				785C7BA12BB9DF0C003B115D /* cell.6.png */,
				785C7BA22BB9DF0C003B115D /* cell.7.png */,
				785C7BA32BB9DF0C003B115D /* cell.8.png */,
				785C7BA42BB9DF0C003B115D /* cell.9.png */,
				78F6D6D12D012CF6003F0930 /* cell.9a.png */,
				785C7BA52BB9DF0C003B115D /* cell.10.png */,
				785C7BA62BB9DF0C003B115D /* cell.11.png */,
				785C7BA72BB9DF0C003B115D /* cell.12.png */,
				785C7BA82BB9DF0C003B115D /* cell.13.png */,
				78F6D6D22D012CF6003F0930 /* cell.14.png */,
				785C7BA92BB9DF0C003B115D /* main.png */,
			);
			path = images;
			sourceTree = "<group>";
		};
		78815C182B65D30E000234DA /* maxdaylight */ = {
			isa = PBXGroup;
			children = (
				78815C212B66E77B000234DA /* v3.0 */,
				782499302B6989C400FBBE33 /* index.html */,
			);
			path = maxdaylight;
			sourceTree = "<group>";
		};
		78815C212B66E77B000234DA /* v3.0 */ = {
			isa = PBXGroup;
			children = (
				78815C192B65D30E000234DA /* index.html */,
				78815C422B66F60B000234DA /* images */,
				78815C382B66E84A000234DA /* au */,
				78815C302B66E84A000234DA /* ca */,
				78815C2C2B66E84A000234DA /* cn */,
				78815C242B66E84A000234DA /* de */,
				78815C282B66E84A000234DA /* es */,
				78815C322B66E84A000234DA /* fr */,
				78815C222B66E84A000234DA /* fr-ca */,
				78815C2E2B66E84A000234DA /* gb */,
				78815C2A2B66E84A000234DA /* it */,
				78815C3A2B66E84A000234DA /* jp */,
				78815C262B66E84A000234DA /* pl */,
				78815C3C2B66E84B000234DA /* ru */,
				78815C362B66E84A000234DA /* se */,
				78815C3E2B66E84B000234DA /* ua */,
			);
			path = v3.0;
			sourceTree = "<group>";
		};
		78815C222B66E84A000234DA /* fr-ca */ = {
			isa = PBXGroup;
			children = (
				78815C232B66E84A000234DA /* index.html */,
				78815CAC2B6703E3000234DA /* images */,
			);
			path = "fr-ca";
			sourceTree = "<group>";
		};
		78815C242B66E84A000234DA /* de */ = {
			isa = PBXGroup;
			children = (
				78815C252B66E84A000234DA /* index.html */,
				78815C7F2B6703BD000234DA /* images */,
			);
			path = de;
			sourceTree = "<group>";
		};
		78815C262B66E84A000234DA /* pl */ = {
			isa = PBXGroup;
			children = (
				785C7B7A2BB9DEF5003B115D /* images */,
				78815C272B66E84A000234DA /* index.html */,
			);
			path = pl;
			sourceTree = "<group>";
		};
		78815C282B66E84A000234DA /* es */ = {
			isa = PBXGroup;
			children = (
				78815C292B66E84A000234DA /* index.html */,
				78815C8E2B6703C3000234DA /* images */,
			);
			path = es;
			sourceTree = "<group>";
		};
		78815C2A2B66E84A000234DA /* it */ = {
			isa = PBXGroup;
			children = (
				78815C2B2B66E84A000234DA /* index.html */,
				785C7B5A2BB9DEDC003B115D /* images */,
			);
			path = it;
			sourceTree = "<group>";
		};
		78815C2C2B66E84A000234DA /* cn */ = {
			isa = PBXGroup;
			children = (
				78815C2D2B66E84A000234DA /* index.html */,
				78815C702B6703B5000234DA /* images */,
			);
			path = cn;
			sourceTree = "<group>";
		};
		78815C2E2B66E84A000234DA /* gb */ = {
			isa = PBXGroup;
			children = (
				78815C2F2B66E84A000234DA /* index.html */,
				785C7B4A2BB9DE25003B115D /* images */,
			);
			path = gb;
			sourceTree = "<group>";
		};
		78815C302B66E84A000234DA /* ca */ = {
			isa = PBXGroup;
			children = (
				78815C312B66E84A000234DA /* index.html */,
				78815C612B6703AD000234DA /* images */,
			);
			path = ca;
			sourceTree = "<group>";
		};
		78815C322B66E84A000234DA /* fr */ = {
			isa = PBXGroup;
			children = (
				78815C332B66E84A000234DA /* index.html */,
				78815C9D2B6703CA000234DA /* images */,
			);
			path = fr;
			sourceTree = "<group>";
		};
		78815C362B66E84A000234DA /* se */ = {
			isa = PBXGroup;
			children = (
				785C7B9A2BB9DF05003B115D /* images */,
				78815C372B66E84A000234DA /* index.html */,
			);
			path = se;
			sourceTree = "<group>";
		};
		78815C382B66E84A000234DA /* au */ = {
			isa = PBXGroup;
			children = (
				7824991C2B67166900FBBE33 /* index.html */,
				78815C522B67032B000234DA /* images */,
			);
			path = au;
			sourceTree = "<group>";
		};
		78815C3A2B66E84A000234DA /* jp */ = {
			isa = PBXGroup;
			children = (
				785C7B6A2BB9DEED003B115D /* images */,
				78815C3B2B66E84B000234DA /* index.html */,
			);
			path = jp;
			sourceTree = "<group>";
		};
		78815C3C2B66E84B000234DA /* ru */ = {
			isa = PBXGroup;
			children = (
				785C7B8A2BB9DEFD003B115D /* images */,
				78815C3D2B66E84B000234DA /* index.html */,
			);
			path = ru;
			sourceTree = "<group>";
		};
		78815C3E2B66E84B000234DA /* ua */ = {
			isa = PBXGroup;
			children = (
				785C7BAA2BB9DF0C003B115D /* images */,
				78815C3F2B66E84B000234DA /* index.html */,
			);
			path = ua;
			sourceTree = "<group>";
		};
		78815C422B66F60B000234DA /* images */ = {
			isa = PBXGroup;
			children = (
				78815C4C2B66F60B000234DA /* cell.0.png */,
				78815C4D2B66F60B000234DA /* cell.1.png */,
				78815C4F2B66F60B000234DA /* cell.2.png */,
				78815C4E2B66F60B000234DA /* cell.3.png */,
				78815C4B2B66F60B000234DA /* cell.4.png */,
				78815C4A2B66F60B000234DA /* cell.5.png */,
				78815C482B66F60B000234DA /* cell.6.png */,
				78815C492B66F60B000234DA /* cell.7.png */,
				78815C512B66F60B000234DA /* cell.8.png */,
				78815C502B66F60B000234DA /* cell.9.png */,
				785C7BAB2BB9F743003B115D /* cell.9a.png */,
				78815C442B66F60B000234DA /* cell.10.png */,
				78815C432B66F60B000234DA /* cell.11.png */,
				78815C452B66F60B000234DA /* cell.12.png */,
				78815C462B66F60B000234DA /* cell.13.png */,
				78088C692CFF8BE60084A27C /* cell.14.png */,
				78815C472B66F60B000234DA /* main.png */,
			);
			path = images;
			sourceTree = "<group>";
		};
		78815C522B67032B000234DA /* images */ = {
			isa = PBXGroup;
			children = (
				78815C5B2B67032B000234DA /* cell.0.png */,
				78815C5C2B67032B000234DA /* cell.1.png */,
				78815C5E2B67032B000234DA /* cell.2.png */,
				78815C5D2B67032B000234DA /* cell.3.png */,
				78815C5A2B67032B000234DA /* cell.4.png */,
				78815C592B67032B000234DA /* cell.5.png */,
				78815C572B67032B000234DA /* cell.6.png */,
				78815C582B67032B000234DA /* cell.7.png */,
				78815C602B67032B000234DA /* cell.8.png */,
				78F6D6B72D012BD1003F0930 /* cell.9a.png */,
				78815C5F2B67032B000234DA /* cell.9.png */,
				78815C542B67032B000234DA /* cell.10.png */,
				78815C532B67032B000234DA /* cell.11.png */,
				78815C552B67032B000234DA /* cell.12.png */,
				78815C562B67032B000234DA /* cell.13.png */,
				78F6D6B82D012BD1003F0930 /* cell.14.png */,
				78F6D6D92D012D97003F0930 /* main.png */,
			);
			path = images;
			sourceTree = "<group>";
		};
		78815C612B6703AD000234DA /* images */ = {
			isa = PBXGroup;
			children = (
				78815C6E2B6703AE000234DA /* cell.0.png */,
				78815C6C2B6703AE000234DA /* cell.1.png */,
				78815C632B6703AD000234DA /* cell.2.png */,
				78815C672B6703AD000234DA /* cell.3.png */,
				78815C622B6703AD000234DA /* cell.4.png */,
				78815C682B6703AD000234DA /* cell.5.png */,
				78815C6D2B6703AE000234DA /* cell.6.png */,
				78815C662B6703AD000234DA /* cell.7.png */,
				78815C6B2B6703AD000234DA /* cell.8.png */,
				78815C692B6703AD000234DA /* cell.9.png */,
				78F6D6B92D012BED003F0930 /* cell.9a.png */,
				78815C652B6703AD000234DA /* cell.10.png */,
				78815C6F2B6703AE000234DA /* cell.11.png */,
				78815C642B6703AD000234DA /* cell.12.png */,
				78815C6A2B6703AD000234DA /* cell.13.png */,
				78F6D6BA2D012BED003F0930 /* cell.14.png */,
				78F6D6D82D012D8D003F0930 /* main.png */,
			);
			path = images;
			sourceTree = "<group>";
		};
		78815C702B6703B5000234DA /* images */ = {
			isa = PBXGroup;
			children = (
				78815C712B6703B5000234DA /* cell.0.png */,
				78815C762B6703B5000234DA /* cell.1.png */,
				78815C772B6703B5000234DA /* cell.2.png */,
				78815C782B6703B5000234DA /* cell.3.png */,
				78815C732B6703B5000234DA /* cell.4.png */,
				78815C7B2B6703B5000234DA /* cell.5.png */,
				78815C7D2B6703B5000234DA /* cell.6.png */,
				78815C742B6703B5000234DA /* cell.7.png */,
				78815C722B6703B5000234DA /* cell.8.png */,
				78815C792B6703B5000234DA /* cell.9.png */,
				78F6D6BB2D012C21003F0930 /* cell.9a.png */,
				78815C752B6703B5000234DA /* cell.10.png */,
				78815C7E2B6703B5000234DA /* cell.11.png */,
				78815C7A2B6703B5000234DA /* cell.12.png */,
				78815C7C2B6703B5000234DA /* cell.13.png */,
				78F6D6BC2D012C21003F0930 /* cell.14.png */,
				78F6D6D32D012D1E003F0930 /* main.png */,
			);
			path = images;
			sourceTree = "<group>";
		};
		78815C7F2B6703BD000234DA /* images */ = {
			isa = PBXGroup;
			children = (
				78815C8D2B6703BE000234DA /* cell.0.png */,
				78815C8B2B6703BE000234DA /* cell.1.png */,
				78815C8A2B6703BE000234DA /* cell.2.png */,
				78815C872B6703BE000234DA /* cell.3.png */,
				78815C822B6703BD000234DA /* cell.4.png */,
				78815C8C2B6703BE000234DA /* cell.5.png */,
				78815C842B6703BD000234DA /* cell.6.png */,
				78815C862B6703BE000234DA /* cell.7.png */,
				78815C852B6703BD000234DA /* cell.8.png */,
				78815C802B6703BD000234DA /* cell.9.png */,
				78F6D6BD2D012C3A003F0930 /* cell.9a.png */,
				78815C812B6703BD000234DA /* cell.10.png */,
				78815C832B6703BD000234DA /* cell.11.png */,
				78815C892B6703BE000234DA /* cell.12.png */,
				78815C882B6703BE000234DA /* cell.13.png */,
				78F6D6BE2D012C3A003F0930 /* cell.14.png */,
				78F6D6D42D012D2E003F0930 /* main.png */,
			);
			path = images;
			sourceTree = "<group>";
		};
		78815C8E2B6703C3000234DA /* images */ = {
			isa = PBXGroup;
			children = (
				78815C9A2B6703C4000234DA /* cell.0.png */,
				78815C962B6703C3000234DA /* cell.1.png */,
				78815C902B6703C3000234DA /* cell.2.png */,
				78815C932B6703C3000234DA /* cell.3.png */,
				78815C9C2B6703C4000234DA /* cell.4.png */,
				78815C9B2B6703C4000234DA /* cell.5.png */,
				78815C8F2B6703C3000234DA /* cell.6.png */,
				78815C922B6703C3000234DA /* cell.7.png */,
				78815C972B6703C3000234DA /* cell.8.png */,
				78815C942B6703C3000234DA /* cell.9.png */,
				78F6D6BF2D012C4E003F0930 /* cell.9a.png */,
				78815C912B6703C3000234DA /* cell.10.png */,
				78815C982B6703C4000234DA /* cell.11.png */,
				78815C992B6703C4000234DA /* cell.12.png */,
				78815C952B6703C3000234DA /* cell.13.png */,
				78F6D6C02D012C4E003F0930 /* cell.14.png */,
				78F6D6D72D012D73003F0930 /* main.png */,
			);
			path = images;
			sourceTree = "<group>";
		};
		78815C9D2B6703CA000234DA /* images */ = {
			isa = PBXGroup;
			children = (
				78815CAB2B6703CA000234DA /* cell.0.png */,
				78815C9F2B6703CA000234DA /* cell.1.png */,
				78815CA92B6703CA000234DA /* cell.2.png */,
				78815CA02B6703CA000234DA /* cell.3.png */,
				78815CA32B6703CA000234DA /* cell.4.png */,
				78815CA12B6703CA000234DA /* cell.5.png */,
				78815CA72B6703CA000234DA /* cell.6.png */,
				78815CA22B6703CA000234DA /* cell.7.png */,
				78815C9E2B6703CA000234DA /* cell.8.png */,
				78815CA62B6703CA000234DA /* cell.9.png */,
				78F6D6C12D012C60003F0930 /* cell.9a.png */,
				78815CA82B6703CA000234DA /* cell.10.png */,
				78815CA52B6703CA000234DA /* cell.11.png */,
				78815CAA2B6703CA000234DA /* cell.12.png */,
				78815CA42B6703CA000234DA /* cell.13.png */,
				78F6D6C22D012C60003F0930 /* cell.14.png */,
				78F6D6D62D012D65003F0930 /* main.png */,
			);
			path = images;
			sourceTree = "<group>";
		};
		78815CAC2B6703E3000234DA /* images */ = {
			isa = PBXGroup;
			children = (
				78815CB52B6703E3000234DA /* cell.0.png */,
				78815CB62B6703E3000234DA /* cell.1.png */,
				78815CB82B6703E3000234DA /* cell.2.png */,
				78815CB72B6703E3000234DA /* cell.3.png */,
				78815CB42B6703E3000234DA /* cell.4.png */,
				78815CB32B6703E3000234DA /* cell.5.png */,
				78815CB12B6703E3000234DA /* cell.6.png */,
				78815CB22B6703E3000234DA /* cell.7.png */,
				78815CBA2B6703E3000234DA /* cell.8.png */,
				78815CB92B6703E3000234DA /* cell.9.png */,
				78F6D6C32D012C73003F0930 /* cell.9a.png */,
				78815CAE2B6703E3000234DA /* cell.10.png */,
				78815CAD2B6703E3000234DA /* cell.11.png */,
				78815CAF2B6703E3000234DA /* cell.12.png */,
				78815CB02B6703E3000234DA /* cell.13.png */,
				78F6D6C42D012C73003F0930 /* cell.14.png */,
				78F6D6D52D012D57003F0930 /* main.png */,
			);
			path = images;
			sourceTree = "<group>";
		};
		973AEB2E2900633600146F05 /* it */ = {
			isa = PBXGroup;
			children = (
				973AEB2F2900633600146F05 /* index.html */,
			);
			path = it;
			sourceTree = "<group>";
		};
		973AEB302900633600146F05 /* fr */ = {
			isa = PBXGroup;
			children = (
				973AEB312900633600146F05 /* index.html */,
			);
			path = fr;
			sourceTree = "<group>";
		};
		973AEB322900633600146F05 /* ru */ = {
			isa = PBXGroup;
			children = (
				973AEB332900633600146F05 /* index.html */,
			);
			path = ru;
			sourceTree = "<group>";
		};
		973AEB342900633600146F05 /* ca */ = {
			isa = PBXGroup;
			children = (
				973AEB352900633600146F05 /* index.html */,
			);
			path = ca;
			sourceTree = "<group>";
		};
		973AEB362900633600146F05 /* fr-ca */ = {
			isa = PBXGroup;
			children = (
				973AEB372900633600146F05 /* index.html */,
			);
			path = "fr-ca";
			sourceTree = "<group>";
		};
		973AEB382900633600146F05 /* au */ = {
			isa = PBXGroup;
			children = (
				973AEB392900633600146F05 /* index.html */,
			);
			path = au;
			sourceTree = "<group>";
		};
		973AEB3A2900633600146F05 /* de */ = {
			isa = PBXGroup;
			children = (
				973AEB3B2900633600146F05 /* index.html */,
			);
			path = de;
			sourceTree = "<group>";
		};
		973AEB3C2900633600146F05 /* jp */ = {
			isa = PBXGroup;
			children = (
				973AEB3D2900633600146F05 /* index.html */,
			);
			path = jp;
			sourceTree = "<group>";
		};
		973AEB402900633600146F05 /* ua */ = {
			isa = PBXGroup;
			children = (
				973AEB412900633600146F05 /* index.html */,
			);
			path = ua;
			sourceTree = "<group>";
		};
		973AEB422900633600146F05 /* gb */ = {
			isa = PBXGroup;
			children = (
				973AEB432900633600146F05 /* index.html */,
			);
			path = gb;
			sourceTree = "<group>";
		};
		973AEB442900633700146F05 /* se */ = {
			isa = PBXGroup;
			children = (
				973AEB452900633700146F05 /* index.html */,
			);
			path = se;
			sourceTree = "<group>";
		};
		973AEB462900633700146F05 /* es */ = {
			isa = PBXGroup;
			children = (
				973AEB472900633700146F05 /* index.html */,
			);
			path = es;
			sourceTree = "<group>";
		};
		973AEB482900633700146F05 /* pl */ = {
			isa = PBXGroup;
			children = (
				973AEB492900633700146F05 /* index.html */,
			);
			path = pl;
			sourceTree = "<group>";
		};
		973AEB4A2900633700146F05 /* cn */ = {
			isa = PBXGroup;
			children = (
				973AEB4B2900633700146F05 /* index.html */,
			);
			path = cn;
			sourceTree = "<group>";
		};
		975E706A284BE39C00241F55 = {
			isa = PBXGroup;
			children = (
				9726ECE3285401E0002E7BDD /* CNAME */,
				975E7077284BE3F900241F55 /* .gitignore */,
				975E7075284BE3EB00241F55 /* index.html */,
				78815C182B65D30E000234DA /* maxdaylight */,
				973AEB382900633600146F05 /* au */,
				973AEB342900633600146F05 /* ca */,
				973AEB4A2900633700146F05 /* cn */,
				973AEB3A2900633600146F05 /* de */,
				973AEB462900633700146F05 /* es */,
				973AEB302900633600146F05 /* fr */,
				973AEB362900633600146F05 /* fr-ca */,
				973AEB422900633600146F05 /* gb */,
				973AEB2E2900633600146F05 /* it */,
				973AEB3C2900633600146F05 /* jp */,
				973AEB482900633700146F05 /* pl */,
				973AEB322900633600146F05 /* ru */,
				973AEB442900633700146F05 /* se */,
				973AEB402900633600146F05 /* ua */,
				97D5B1CC2858161100B5433A /* snippets.not.to.be.committed */,
				975E7073284BE3EB00241F55 /* privacy-policy-2022.html */,
				975E7072284BE3EB00241F55 /* privacy-policy.html */,
				9726ECE22853F22F002E7BDD /* contact.html */,
				786480EC29A574210059B3E5 /* team.html */,
				975E7076284BE3EB00241F55 /* icons */,
				975E7071284BE3EB00241F55 /* images */,
				975E7074284BE3EB00241F55 /* stylesheets */,
			);
			sourceTree = "<group>";
		};
/* End PBXGroup section */

/* Begin PBXProject section */
		975E706B284BE39C00241F55 /* Project object */ = {
			isa = PBXProject;
			attributes = {
				BuildIndependentTargetsInParallel = 1;
				LastUpgradeCheck = 1340;
			};
			buildConfigurationList = 975E706E284BE39C00241F55 /* Build configuration list for PBXProject "359north.github.io" */;
			compatibilityVersion = "Xcode 13.0";
			developmentRegion = en;
			hasScannedForEncodings = 0;
			knownRegions = (
				en,
				Base,
			);
			mainGroup = 975E706A284BE39C00241F55;
			projectDirPath = "";
			projectRoot = "";
			targets = (
			);
		};
/* End PBXProject section */

/* Begin XCBuildConfiguration section */
		975E706F284BE39C00241F55 /* Debug */ = {
			isa = XCBuildConfiguration;
			buildSettings = {
			};
			name = Debug;
		};
		975E7070284BE39C00241F55 /* Release */ = {
			isa = XCBuildConfiguration;
			buildSettings = {
			};
			name = Release;
		};
/* End XCBuildConfiguration section */

/* Begin XCConfigurationList section */
		975E706E284BE39C00241F55 /* Build configuration list for PBXProject "359north.github.io" */ = {
			isa = XCConfigurationList;
			buildConfigurations = (
				975E706F284BE39C00241F55 /* Debug */,
				975E7070284BE39C00241F55 /* Release */,
			);
			defaultConfigurationIsVisible = 0;
			defaultConfigurationName = Release;
		};
/* End XCConfigurationList section */
	};
	rootObject = 975E706B284BE39C00241F55 /* Project object */;
}
