// !$*UTF8*$!
{
	archiveVersion = 1;
	classes = {
	};
	objectVersion = 55;
	objects = {

/* Begin PBXFileReference section */
		7824991C2B67166900FBBE33 /* index.html */ = {isa = PBXFileReference; lastKnownFileType = text.html; path = index.html; sourceTree = "<group>"; };
		7824991F2B6896B200FBBE33 /* index.html */ = {isa = PBXFileReference; lastKnownFileType = text.html; path = index.html; sourceTree = "<group>"; };
		782499212B6896B200FBBE33 /* cell.11.png */ = {isa = PBXFileReference; lastKnownFileType = image.png; path = cell.11.png; sourceTree = "<group>"; };
		782499222B6896B200FBBE33 /* cell.10.png */ = {isa = PBXFileReference; lastKnownFileType = image.png; path = cell.10.png; sourceTree = "<group>"; };
		782499232B6896B200FBBE33 /* cell.12.png */ = {isa = PBXFileReference; lastKnownFileType = image.png; path = cell.12.png; sourceTree = "<group>"; };
		782499242B6896B200FBBE33 /* cell.13.png */ = {isa = PBXFileReference; lastKnownFileType = image.png; path = cell.13.png; sourceTree = "<group>"; };
		782499252B6896B200FBBE33 /* main.png */ = {isa = PBXFileReference; lastKnownFileType = image.png; path = main.png; sourceTree = "<group>"; };
		782499262B6896B200FBBE33 /* cell.6.png */ = {isa = PBXFileReference; lastKnownFileType = image.png; path = cell.6.png; sourceTree = "<group>"; };
		782499272B6896B200FBBE33 /* cell.7.png */ = {isa = PBXFileReference; lastKnownFileType = image.png; path = cell.7.png; sourceTree = "<group>"; };
		782499282B6896B200FBBE33 /* cell.5.png */ = {isa = PBXFileReference; lastKnownFileType = image.png; path = cell.5.png; sourceTree = "<group>"; };
		782499292B6896B200FBBE33 /* cell.4.png */ = {isa = PBXFileReference; lastKnownFileType = image.png; path = cell.4.png; sourceTree = "<group>"; };
		7824992A2B6896B200FBBE33 /* cell.0.png */ = {isa = PBXFileReference; lastKnownFileType = image.png; path = cell.0.png; sourceTree = "<group>"; };
		7824992B2B6896B200FBBE33 /* cell.1.png */ = {isa = PBXFileReference; lastKnownFileType = image.png; path = cell.1.png; sourceTree = "<group>"; };
		7824992C2B6896B200FBBE33 /* cell.3.png */ = {isa = PBXFileReference; lastKnownFileType = image.png; path = cell.3.png; sourceTree = "<group>"; };
		7824992D2B6896B200FBBE33 /* cell.2.png */ = {isa = PBXFileReference; lastKnownFileType = image.png; path = cell.2.png; sourceTree = "<group>"; };
		7824992E2B6896B200FBBE33 /* cell.9.png */ = {isa = PBXFileReference; lastKnownFileType = image.png; path = cell.9.png; sourceTree = "<group>"; };
		7824992F2B6896B200FBBE33 /* cell.8.png */ = {isa = PBXFileReference; lastKnownFileType = image.png; path = cell.8.png; sourceTree = "<group>"; };
		782499302B6989C400FBBE33 /* index.html */ = {isa = PBXFileReference; lastKnownFileType = text.html; path = index.html; sourceTree = "<group>"; };
		786480EC29A574210059B3E5 /* team.html */ = {isa = PBXFileReference; lastKnownFileType = text.html; path = team.html; sourceTree = "<group>"; };
		78815C192B65D30E000234DA /* index.html */ = {isa = PBXFileReference; lastKnownFileType = text.html; path = index.html; sourceTree = "<group>"; };
		78815C232B66E84A000234DA /* index.html */ = {isa = PBXFileReference; lastKnownFileType = text.html; path = index.html; sourceTree = "<group>"; };
		78815C252B66E84A000234DA /* index.html */ = {isa = PBXFileReference; lastKnownFileType = text.html; path = index.html; sourceTree = "<group>"; };
		78815C272B66E84A000234DA /* index.html */ = {isa = PBXFileReference; lastKnownFileType = text.html; path = index.html; sourceTree = "<group>"; };
		78815C292B66E84A000234DA /* index.html */ = {isa = PBXFileReference; lastKnownFileType = text.html; path = index.html; sourceTree = "<group>"; };
		78815C2B2B66E84A000234DA /* index.html */ = {isa = PBXFileReference; lastKnownFileType = text.html; path = index.html; sourceTree = "<group>"; };
		78815C2D2B66E84A000234DA /* index.html */ = {isa = PBXFileReference; lastKnownFileType = text.html; path = index.html; sourceTree = "<group>"; };
		78815C2F2B66E84A000234DA /* index.html */ = {isa = PBXFileReference; lastKnownFileType = text.html; path = index.html; sourceTree = "<group>"; };
		78815C312B66E84A000234DA /* index.html */ = {isa = PBXFileReference; lastKnownFileType = text.html; path = index.html; sourceTree = "<group>"; };
		78815C332B66E84A000234DA /* index.html */ = {isa = PBXFileReference; lastKnownFileType = text.html; path = index.html; sourceTree = "<group>"; };
		78815C352B66E84A000234DA /* index.html */ = {isa = PBXFileReference; lastKnownFileType = text.html; path = index.html; sourceTree = "<group>"; };
		78815C372B66E84A000234DA /* index.html */ = {isa = PBXFileReference; lastKnownFileType = text.html; path = index.html; sourceTree = "<group>"; };
		78815C3B2B66E84B000234DA /* index.html */ = {isa = PBXFileReference; lastKnownFileType = text.html; path = index.html; sourceTree = "<group>"; };
		78815C3D2B66E84B000234DA /* index.html */ = {isa = PBXFileReference; lastKnownFileType = text.html; path = index.html; sourceTree = "<group>"; };
		78815C3F2B66E84B000234DA /* index.html */ = {isa = PBXFileReference; lastKnownFileType = text.html; path = index.html; sourceTree = "<group>"; };
		78815C432B66F60B000234DA /* cell.11.png */ = {isa = PBXFileReference; lastKnownFileType = image.png; path = cell.11.png; sourceTree = "<group>"; };
		78815C442B66F60B000234DA /* cell.10.png */ = {isa = PBXFileReference; lastKnownFileType = image.png; path = cell.10.png; sourceTree = "<group>"; };
		78815C452B66F60B000234DA /* cell.12.png */ = {isa = PBXFileReference; lastKnownFileType = image.png; path = cell.12.png; sourceTree = "<group>"; };
		78815C462B66F60B000234DA /* cell.13.png */ = {isa = PBXFileReference; lastKnownFileType = image.png; path = cell.13.png; sourceTree = "<group>"; };
		78815C472B66F60B000234DA /* main.png */ = {isa = PBXFileReference; lastKnownFileType = image.png; path = main.png; sourceTree = "<group>"; };
		78815C482B66F60B000234DA /* cell.6.png */ = {isa = PBXFileReference; lastKnownFileType = image.png; path = cell.6.png; sourceTree = "<group>"; };
		78815C492B66F60B000234DA /* cell.7.png */ = {isa = PBXFileReference; lastKnownFileType = image.png; path = cell.7.png; sourceTree = "<group>"; };
		78815C4A2B66F60B000234DA /* cell.5.png */ = {isa = PBXFileReference; lastKnownFileType = image.png; path = cell.5.png; sourceTree = "<group>"; };
		78815C4B2B66F60B000234DA /* cell.4.png */ = {isa = PBXFileReference; lastKnownFileType = image.png; path = cell.4.png; sourceTree = "<group>"; };
		78815C4C2B66F60B000234DA /* cell.0.png */ = {isa = PBXFileReference; lastKnownFileType = image.png; path = cell.0.png; sourceTree = "<group>"; };
		78815C4D2B66F60B000234DA /* cell.1.png */ = {isa = PBXFileReference; lastKnownFileType = image.png; path = cell.1.png; sourceTree = "<group>"; };
		78815C4E2B66F60B000234DA /* cell.3.png */ = {isa = PBXFileReference; lastKnownFileType = image.png; path = cell.3.png; sourceTree = "<group>"; };
		78815C4F2B66F60B000234DA /* cell.2.png */ = {isa = PBXFileReference; lastKnownFileType = image.png; path = cell.2.png; sourceTree = "<group>"; };
		78815C502B66F60B000234DA /* cell.9.png */ = {isa = PBXFileReference; lastKnownFileType = image.png; path = cell.9.png; sourceTree = "<group>"; };
		78815C512B66F60B000234DA /* cell.8.png */ = {isa = PBXFileReference; lastKnownFileType = image.png; path = cell.8.png; sourceTree = "<group>"; };
		78815C532B67032B000234DA /* cell.11.png */ = {isa = PBXFileReference; lastKnownFileType = image.png; path = cell.11.png; sourceTree = "<group>"; };
		78815C542B67032B000234DA /* cell.10.png */ = {isa = PBXFileReference; lastKnownFileType = image.png; path = cell.10.png; sourceTree = "<group>"; };
		78815C552B67032B000234DA /* cell.12.png */ = {isa = PBXFileReference; lastKnownFileType = image.png; path = cell.12.png; sourceTree = "<group>"; };
		78815C562B67032B000234DA /* cell.13.png */ = {isa = PBXFileReference; lastKnownFileType = image.png; path = cell.13.png; sourceTree = "<group>"; };
		78815C572B67032B000234DA /* cell.6.png */ = {isa = PBXFileReference; lastKnownFileType = image.png; path = cell.6.png; sourceTree = "<group>"; };
		78815C582B67032B000234DA /* cell.7.png */ = {isa = PBXFileReference; lastKnownFileType = image.png; path = cell.7.png; sourceTree = "<group>"; };
		78815C592B67032B000234DA /* cell.5.png */ = {isa = PBXFileReference; lastKnownFileType = image.png; path = cell.5.png; sourceTree = "<group>"; };
		78815C5A2B67032B000234DA /* cell.4.png */ = {isa = PBXFileReference; lastKnownFileType = image.png; path = cell.4.png; sourceTree = "<group>"; };
		78815C5B2B67032B000234DA /* cell.0.png */ = {isa = PBXFileReference; lastKnownFileType = image.png; path = cell.0.png; sourceTree = "<group>"; };
		78815C5C2B67032B000234DA /* cell.1.png */ = {isa = PBXFileReference; lastKnownFileType = image.png; path = cell.1.png; sourceTree = "<group>"; };
		78815C5D2B67032B000234DA /* cell.3.png */ = {isa = PBXFileReference; lastKnownFileType = image.png; path = cell.3.png; sourceTree = "<group>"; };
		78815C5E2B67032B000234DA /* cell.2.png */ = {isa = PBXFileReference; lastKnownFileType = image.png; path = cell.2.png; sourceTree = "<group>"; };
		78815C5F2B67032B000234DA /* cell.9.png */ = {isa = PBXFileReference; lastKnownFileType = image.png; path = cell.9.png; sourceTree = "<group>"; };
		78815C602B67032B000234DA /* cell.8.png */ = {isa = PBXFileReference; lastKnownFileType = image.png; path = cell.8.png; sourceTree = "<group>"; };
		78815C622B6703AD000234DA /* cell.4.png */ = {isa = PBXFileReference; lastKnownFileType = image.png; path = cell.4.png; sourceTree = "<group>"; };
		78815C632B6703AD000234DA /* cell.2.png */ = {isa = PBXFileReference; lastKnownFileType = image.png; path = cell.2.png; sourceTree = "<group>"; };
		78815C642B6703AD000234DA /* cell.12.png */ = {isa = PBXFileReference; lastKnownFileType = image.png; path = cell.12.png; sourceTree = "<group>"; };
		78815C652B6703AD000234DA /* cell.10.png */ = {isa = PBXFileReference; lastKnownFileType = image.png; path = cell.10.png; sourceTree = "<group>"; };
		78815C662B6703AD000234DA /* cell.7.png */ = {isa = PBXFileReference; lastKnownFileType = image.png; path = cell.7.png; sourceTree = "<group>"; };
		78815C672B6703AD000234DA /* cell.3.png */ = {isa = PBXFileReference; lastKnownFileType = image.png; path = cell.3.png; sourceTree = "<group>"; };
		78815C682B6703AD000234DA /* cell.5.png */ = {isa = PBXFileReference; lastKnownFileType = image.png; path = cell.5.png; sourceTree = "<group>"; };
		78815C692B6703AD000234DA /* cell.9.png */ = {isa = PBXFileReference; lastKnownFileType = image.png; path = cell.9.png; sourceTree = "<group>"; };
		78815C6A2B6703AD000234DA /* cell.13.png */ = {isa = PBXFileReference; lastKnownFileType = image.png; path = cell.13.png; sourceTree = "<group>"; };
		78815C6B2B6703AD000234DA /* cell.8.png */ = {isa = PBXFileReference; lastKnownFileType = image.png; path = cell.8.png; sourceTree = "<group>"; };
		78815C6C2B6703AE000234DA /* cell.1.png */ = {isa = PBXFileReference; lastKnownFileType = image.png; path = cell.1.png; sourceTree = "<group>"; };
		78815C6D2B6703AE000234DA /* cell.6.png */ = {isa = PBXFileReference; lastKnownFileType = image.png; path = cell.6.png; sourceTree = "<group>"; };
		78815C6E2B6703AE000234DA /* cell.0.png */ = {isa = PBXFileReference; lastKnownFileType = image.png; path = cell.0.png; sourceTree = "<group>"; };
		78815C6F2B6703AE000234DA /* cell.11.png */ = {isa = PBXFileReference; lastKnownFileType = image.png; path = cell.11.png; sourceTree = "<group>"; };
		78815C712B6703B5000234DA /* cell.0.png */ = {isa = PBXFileReference; lastKnownFileType = image.png; path = cell.0.png; sourceTree = "<group>"; };
		78815C722B6703B5000234DA /* cell.8.png */ = {isa = PBXFileReference; lastKnownFileType = image.png; path = cell.8.png; sourceTree = "<group>"; };
		78815C732B6703B5000234DA /* cell.4.png */ = {isa = PBXFileReference; lastKnownFileType = image.png; path = cell.4.png; sourceTree = "<group>"; };
		78815C742B6703B5000234DA /* cell.7.png */ = {isa = PBXFileReference; lastKnownFileType = image.png; path = cell.7.png; sourceTree = "<group>"; };
		78815C752B6703B5000234DA /* cell.10.png */ = {isa = PBXFileReference; lastKnownFileType = image.png; path = cell.10.png; sourceTree = "<group>"; };
		78815C762B6703B5000234DA /* cell.1.png */ = {isa = PBXFileReference; lastKnownFileType = image.png; path = cell.1.png; sourceTree = "<group>"; };
		78815C772B6703B5000234DA /* cell.2.png */ = {isa = PBXFileReference; lastKnownFileType = image.png; path = cell.2.png; sourceTree = "<group>"; };
		78815C782B6703B5000234DA /* cell.3.png */ = {isa = PBXFileReference; lastKnownFileType = image.png; path = cell.3.png; sourceTree = "<group>"; };
		78815C792B6703B5000234DA /* cell.9.png */ = {isa = PBXFileReference; lastKnownFileType = image.png; path = cell.9.png; sourceTree = "<group>"; };
		78815C7A2B6703B5000234DA /* cell.12.png */ = {isa = PBXFileReference; lastKnownFileType = image.png; path = cell.12.png; sourceTree = "<group>"; };
		78815C7B2B6703B5000234DA /* cell.5.png */ = {isa = PBXFileReference; lastKnownFileType = image.png; path = cell.5.png; sourceTree = "<group>"; };
		78815C7C2B6703B5000234DA /* cell.13.png */ = {isa = PBXFileReference; lastKnownFileType = image.png; path = cell.13.png; sourceTree = "<group>"; };
		78815C7D2B6703B5000234DA /* cell.6.png */ = {isa = PBXFileReference; lastKnownFileType = image.png; path = cell.6.png; sourceTree = "<group>"; };
		78815C7E2B6703B5000234DA /* cell.11.png */ = {isa = PBXFileReference; lastKnownFileType = image.png; path = cell.11.png; sourceTree = "<group>"; };
		78815C802B6703BD000234DA /* cell.9.png */ = {isa = PBXFileReference; lastKnownFileType = image.png; path = cell.9.png; sourceTree = "<group>"; };
		78815C812B6703BD000234DA /* cell.10.png */ = {isa = PBXFileReference; lastKnownFileType = image.png; path = cell.10.png; sourceTree = "<group>"; };
		78815C822B6703BD000234DA /* cell.4.png */ = {isa = PBXFileReference; lastKnownFileType = image.png; path = cell.4.png; sourceTree = "<group>"; };
		78815C832B6703BD000234DA /* cell.11.png */ = {isa = PBXFileReference; lastKnownFileType = image.png; path = cell.11.png; sourceTree = "<group>"; };
		78815C842B6703BD000234DA /* cell.6.png */ = {isa = PBXFileReference; lastKnownFileType = image.png; path = cell.6.png; sourceTree = "<group>"; };
		78815C852B6703BD000234DA /* cell.8.png */ = {isa = PBXFileReference; lastKnownFileType = image.png; path = cell.8.png; sourceTree = "<group>"; };
		78815C862B6703BE000234DA /* cell.7.png */ = {isa = PBXFileReference; lastKnownFileType = image.png; path = cell.7.png; sourceTree = "<group>"; };
		78815C872B6703BE000234DA /* cell.3.png */ = {isa = PBXFileReference; lastKnownFileType = image.png; path = cell.3.png; sourceTree = "<group>"; };
		78815C882B6703BE000234DA /* cell.13.png */ = {isa = PBXFileReference; lastKnownFileType = image.png; path = cell.13.png; sourceTree = "<group>"; };
		78815C892B6703BE000234DA /* cell.12.png */ = {isa = PBXFileReference; lastKnownFileType = image.png; path = cell.12.png; sourceTree = "<group>"; };
		78815C8A2B6703BE000234DA /* cell.2.png */ = {isa = PBXFileReference; lastKnownFileType = image.png; path = cell.2.png; sourceTree = "<group>"; };
		78815C8B2B6703BE000234DA /* cell.1.png */ = {isa = PBXFileReference; lastKnownFileType = image.png; path = cell.1.png; sourceTree = "<group>"; };
		78815C8C2B6703BE000234DA /* cell.5.png */ = {isa = PBXFileReference; lastKnownFileType = image.png; path = cell.5.png; sourceTree = "<group>"; };
		78815C8D2B6703BE000234DA /* cell.0.png */ = {isa = PBXFileReference; lastKnownFileType = image.png; path = cell.0.png; sourceTree = "<group>"; };
		78815C8F2B6703C3000234DA /* cell.6.png */ = {isa = PBXFileReference; lastKnownFileType = image.png; path = cell.6.png; sourceTree = "<group>"; };
		78815C902B6703C3000234DA /* cell.2.png */ = {isa = PBXFileReference; lastKnownFileType = image.png; path = cell.2.png; sourceTree = "<group>"; };
		78815C912B6703C3000234DA /* cell.10.png */ = {isa = PBXFileReference; lastKnownFileType = image.png; path = cell.10.png; sourceTree = "<group>"; };
		78815C922B6703C3000234DA /* cell.7.png */ = {isa = PBXFileReference; lastKnownFileType = image.png; path = cell.7.png; sourceTree = "<group>"; };
		78815C932B6703C3000234DA /* cell.3.png */ = {isa = PBXFileReference; lastKnownFileType = image.png; path = cell.3.png; sourceTree = "<group>"; };
		78815C942B6703C3000234DA /* cell.9.png */ = {isa = PBXFileReference; lastKnownFileType = image.png; path = cell.9.png; sourceTree = "<group>"; };
		78815C952B6703C3000234DA /* cell.13.png */ = {isa = PBXFileReference; lastKnownFileType = image.png; path = cell.13.png; sourceTree = "<group>"; };
		78815C962B6703C3000234DA /* cell.1.png */ = {isa = PBXFileReference; lastKnownFileType = image.png; path = cell.1.png; sourceTree = "<group>"; };
		78815C972B6703C3000234DA /* cell.8.png */ = {isa = PBXFileReference; lastKnownFileType = image.png; path = cell.8.png; sourceTree = "<group>"; };
		78815C982B6703C4000234DA /* cell.11.png */ = {isa = PBXFileReference; lastKnownFileType = image.png; path = cell.11.png; sourceTree = "<group>"; };
		78815C992B6703C4000234DA /* cell.12.png */ = {isa = PBXFileReference; lastKnownFileType = image.png; path = cell.12.png; sourceTree = "<group>"; };
		78815C9A2B6703C4000234DA /* cell.0.png */ = {isa = PBXFileReference; lastKnownFileType = image.png; path = cell.0.png; sourceTree = "<group>"; };
		78815C9B2B6703C4000234DA /* cell.5.png */ = {isa = PBXFileReference; lastKnownFileType = image.png; path = cell.5.png; sourceTree = "<group>"; };
		78815C9C2B6703C4000234DA /* cell.4.png */ = {isa = PBXFileReference; lastKnownFileType = image.png; path = cell.4.png; sourceTree = "<group>"; };
		78815C9E2B6703CA000234DA /* cell.8.png */ = {isa = PBXFileReference; lastKnownFileType = image.png; path = cell.8.png; sourceTree = "<group>"; };
		78815C9F2B6703CA000234DA /* cell.1.png */ = {isa = PBXFileReference; lastKnownFileType = image.png; path = cell.1.png; sourceTree = "<group>"; };
		78815CA02B6703CA000234DA /* cell.3.png */ = {isa = PBXFileReference; lastKnownFileType = image.png; path = cell.3.png; sourceTree = "<group>"; };
		78815CA12B6703CA000234DA /* cell.5.png */ = {isa = PBXFileReference; lastKnownFileType = image.png; path = cell.5.png; sourceTree = "<group>"; };
		78815CA22B6703CA000234DA /* cell.7.png */ = {isa = PBXFileReference; lastKnownFileType = image.png; path = cell.7.png; sourceTree = "<group>"; };
		78815CA32B6703CA000234DA /* cell.4.png */ = {isa = PBXFileReference; lastKnownFileType = image.png; path = cell.4.png; sourceTree = "<group>"; };
		78815CA42B6703CA000234DA /* cell.13.png */ = {isa = PBXFileReference; lastKnownFileType = image.png; path = cell.13.png; sourceTree = "<group>"; };
		78815CA52B6703CA000234DA /* cell.11.png */ = {isa = PBXFileReference; lastKnownFileType = image.png; path = cell.11.png; sourceTree = "<group>"; };
		78815CA62B6703CA000234DA /* cell.9.png */ = {isa = PBXFileReference; lastKnownFileType = image.png; path = cell.9.png; sourceTree = "<group>"; };
		78815CA72B6703CA000234DA /* cell.6.png */ = {isa = PBXFileReference; lastKnownFileType = image.png; path = cell.6.png; sourceTree = "<group>"; };
		78815CA82B6703CA000234DA /* cell.10.png */ = {isa = PBXFileReference; lastKnownFileType = image.png; path = cell.10.png; sourceTree = "<group>"; };
		78815CA92B6703CA000234DA /* cell.2.png */ = {isa = PBXFileReference; lastKnownFileType = image.png; path = cell.2.png; sourceTree = "<group>"; };
		78815CAA2B6703CA000234DA /* cell.12.png */ = {isa = PBXFileReference; lastKnownFileType = image.png; path = cell.12.png; sourceTree = "<group>"; };
		78815CAB2B6703CA000234DA /* cell.0.png */ = {isa = PBXFileReference; lastKnownFileType = image.png; path = cell.0.png; sourceTree = "<group>"; };
		78815CAD2B6703E3000234DA /* cell.11.png */ = {isa = PBXFileReference; lastKnownFileType = image.png; path = cell.11.png; sourceTree = "<group>"; };
		78815CAE2B6703E3000234DA /* cell.10.png */ = {isa = PBXFileReference; lastKnownFileType = image.png; path = cell.10.png; sourceTree = "<group>"; };
		78815CAF2B6703E3000234DA /* cell.12.png */ = {isa = PBXFileReference; lastKnownFileType = image.png; path = cell.12.png; sourceTree = "<group>"; };
		78815CB02B6703E3000234DA /* cell.13.png */ = {isa = PBXFileReference; lastKnownFileType = image.png; path = cell.13.png; sourceTree = "<group>"; };
		78815CB12B6703E3000234DA /* cell.6.png */ = {isa = PBXFileReference; lastKnownFileType = image.png; path = cell.6.png; sourceTree = "<group>"; };
		78815CB22B6703E3000234DA /* cell.7.png */ = {isa = PBXFileReference; lastKnownFileType = image.png; path = cell.7.png; sourceTree = "<group>"; };
		78815CB32B6703E3000234DA /* cell.5.png */ = {isa = PBXFileReference; lastKnownFileType = image.png; path = cell.5.png; sourceTree = "<group>"; };
		78815CB42B6703E3000234DA /* cell.4.png */ = {isa = PBXFileReference; lastKnownFileType = image.png; path = cell.4.png; sourceTree = "<group>"; };
		78815CB52B6703E3000234DA /* cell.0.png */ = {isa = PBXFileReference; lastKnownFileType = image.png; path = cell.0.png; sourceTree = "<group>"; };
		78815CB62B6703E3000234DA /* cell.1.png */ = {isa = PBXFileReference; lastKnownFileType = image.png; path = cell.1.png; sourceTree = "<group>"; };
		78815CB72B6703E3000234DA /* cell.3.png */ = {isa = PBXFileReference; lastKnownFileType = image.png; path = cell.3.png; sourceTree = "<group>"; };
		78815CB82B6703E3000234DA /* cell.2.png */ = {isa = PBXFileReference; lastKnownFileType = image.png; path = cell.2.png; sourceTree = "<group>"; };
		78815CB92B6703E3000234DA /* cell.9.png */ = {isa = PBXFileReference; lastKnownFileType = image.png; path = cell.9.png; sourceTree = "<group>"; };
		78815CBA2B6703E3000234DA /* cell.8.png */ = {isa = PBXFileReference; lastKnownFileType = image.png; path = cell.8.png; sourceTree = "<group>"; };
		9726ECE22853F22F002E7BDD /* contact.html */ = {isa = PBXFileReference; lastKnownFileType = text.html; path = contact.html; sourceTree = "<group>"; };
		9726ECE3285401E0002E7BDD /* CNAME */ = {isa = PBXFileReference; lastKnownFileType = text; path = CNAME; sourceTree = "<group>"; };
		973AEB2F2900633600146F05 /* index.html */ = {isa = PBXFileReference; lastKnownFileType = text.html; path = index.html; sourceTree = "<group>"; };
		973AEB312900633600146F05 /* index.html */ = {isa = PBXFileReference; lastKnownFileType = text.html; path = index.html; sourceTree = "<group>"; };
		973AEB332900633600146F05 /* index.html */ = {isa = PBXFileReference; lastKnownFileType = text.html; path = index.html; sourceTree = "<group>"; };
		973AEB352900633600146F05 /* index.html */ = {isa = PBXFileReference; lastKnownFileType = text.html; path = index.html; sourceTree = "<group>"; };
		973AEB372900633600146F05 /* index.html */ = {isa = PBXFileReference; lastKnownFileType = text.html; path = index.html; sourceTree = "<group>"; };
		973AEB392900633600146F05 /* index.html */ = {isa = PBXFileReference; lastKnownFileType = text.html; path = index.html; sourceTree = "<group>"; };
		973AEB3B2900633600146F05 /* index.html */ = {isa = PBXFileReference; lastKnownFileType = text.html; path = index.html; sourceTree = "<group>"; };
		973AEB3D2900633600146F05 /* index.html */ = {isa = PBXFileReference; lastKnownFileType = text.html; path = index.html; sourceTree = "<group>"; };
		973AEB412900633600146F05 /* index.html */ = {isa = PBXFileReference; lastKnownFileType = text.html; path = index.html; sourceTree = "<group>"; };
		973AEB432900633600146F05 /* index.html */ = {isa = PBXFileReference; lastKnownFileType = text.html; path = index.html; sourceTree = "<group>"; };
		973AEB452900633700146F05 /* index.html */ = {isa = PBXFileReference; lastKnownFileType = text.html; path = index.html; sourceTree = "<group>"; };
		973AEB472900633700146F05 /* index.html */ = {isa = PBXFileReference; lastKnownFileType = text.html; path = index.html; sourceTree = "<group>"; };
		973AEB492900633700146F05 /* index.html */ = {isa = PBXFileReference; lastKnownFileType = text.html; path = index.html; sourceTree = "<group>"; };
		973AEB4B2900633700146F05 /* index.html */ = {isa = PBXFileReference; lastKnownFileType = text.html; path = index.html; sourceTree = "<group>"; };
		975E7071284BE3EB00241F55 /* images */ = {isa = PBXFileReference; lastKnownFileType = folder; path = images; sourceTree = "<group>"; };
		975E7072284BE3EB00241F55 /* privacy-policy.html */ = {isa = PBXFileReference; lastKnownFileType = text.html; path = "privacy-policy.html"; sourceTree = "<group>"; };
		975E7073284BE3EB00241F55 /* privacy-policy-2022.html */ = {isa = PBXFileReference; lastKnownFileType = text.html; path = "privacy-policy-2022.html"; sourceTree = "<group>"; };
		975E7074284BE3EB00241F55 /* stylesheets */ = {isa = PBXFileReference; lastKnownFileType = folder; path = stylesheets; sourceTree = "<group>"; };
		975E7075284BE3EB00241F55 /* index.html */ = {isa = PBXFileReference; lastKnownFileType = text.html; path = index.html; sourceTree = "<group>"; };
		975E7076284BE3EB00241F55 /* icons */ = {isa = PBXFileReference; lastKnownFileType = folder; path = icons; sourceTree = "<group>"; };
		975E7077284BE3F900241F55 /* .gitignore */ = {isa = PBXFileReference; lastKnownFileType = text; path = .gitignore; sourceTree = "<group>"; };
		97D5B1CC2858161100B5433A /* snippets.not.to.be.committed */ = {isa = PBXFileReference; lastKnownFileType = text; path = snippets.not.to.be.committed; sourceTree = "<group>"; };
/* End PBXFileReference section */

/* Begin PBXGroup section */
		7824991E2B6896B200FBBE33 /* xtest */ = {
			isa = PBXGroup;
			children = (
				7824991F2B6896B200FBBE33 /* index.html */,
				782499202B6896B200FBBE33 /* images */,
			);
			path = xtest;
			sourceTree = "<group>";
		};
		782499202B6896B200FBBE33 /* images */ = {
			isa = PBXGroup;
			children = (
				782499212B6896B200FBBE33 /* cell.11.png */,
				782499222B6896B200FBBE33 /* cell.10.png */,
				782499232B6896B200FBBE33 /* cell.12.png */,
				782499242B6896B200FBBE33 /* cell.13.png */,
				782499262B6896B200FBBE33 /* cell.6.png */,
				782499272B6896B200FBBE33 /* cell.7.png */,
				782499282B6896B200FBBE33 /* cell.5.png */,
				782499292B6896B200FBBE33 /* cell.4.png */,
				7824992A2B6896B200FBBE33 /* cell.0.png */,
				7824992B2B6896B200FBBE33 /* cell.1.png */,
				7824992C2B6896B200FBBE33 /* cell.3.png */,
				7824992D2B6896B200FBBE33 /* cell.2.png */,
				7824992E2B6896B200FBBE33 /* cell.9.png */,
				7824992F2B6896B200FBBE33 /* cell.8.png */,
				782499252B6896B200FBBE33 /* main.png */,
			);
			path = images;
			sourceTree = "<group>";
		};
		78815C182B65D30E000234DA /* maxdaylight */ = {
			isa = PBXGroup;
			children = (
				78815C212B66E77B000234DA /* v3.0 */,
				782499302B6989C400FBBE33 /* index.html */,
			);
			path = maxdaylight;
			sourceTree = "<group>";
		};
		78815C212B66E77B000234DA /* v3.0 */ = {
			isa = PBXGroup;
			children = (
				78815C192B65D30E000234DA /* index.html */,
				78815C422B66F60B000234DA /* images */,
				7824991E2B6896B200FBBE33 /* xtest */,
				78815C382B66E84A000234DA /* au */,
				78815C302B66E84A000234DA /* ca */,
				78815C2C2B66E84A000234DA /* cn */,
				78815C242B66E84A000234DA /* de */,
				78815C282B66E84A000234DA /* es */,
				78815C322B66E84A000234DA /* fr */,
				78815C222B66E84A000234DA /* fr-ca */,
				78815C2E2B66E84A000234DA /* gb */,
				78815C342B66E84A000234DA /* in */,
				78815C2A2B66E84A000234DA /* it */,
				78815C3A2B66E84A000234DA /* jp */,
				78815C262B66E84A000234DA /* pl */,
				78815C3C2B66E84B000234DA /* ru */,
				78815C362B66E84A000234DA /* se */,
				78815C3E2B66E84B000234DA /* ua */,
			);
			path = v3.0;
			sourceTree = "<group>";
		};
		78815C222B66E84A000234DA /* fr-ca */ = {
			isa = PBXGroup;
			children = (
				78815C232B66E84A000234DA /* index.html */,
				78815CAC2B6703E3000234DA /* images */,
			);
			path = "fr-ca";
			sourceTree = "<group>";
		};
		78815C242B66E84A000234DA /* de */ = {
			isa = PBXGroup;
			children = (
				78815C252B66E84A000234DA /* index.html */,
				78815C7F2B6703BD000234DA /* images */,
			);
			path = de;
			sourceTree = "<group>";
		};
		78815C262B66E84A000234DA /* pl */ = {
			isa = PBXGroup;
			children = (
				78815C272B66E84A000234DA /* index.html */,
			);
			path = pl;
			sourceTree = "<group>";
		};
		78815C282B66E84A000234DA /* es */ = {
			isa = PBXGroup;
			children = (
				78815C292B66E84A000234DA /* index.html */,
				78815C8E2B6703C3000234DA /* images */,
			);
			path = es;
			sourceTree = "<group>";
		};
		78815C2A2B66E84A000234DA /* it */ = {
			isa = PBXGroup;
			children = (
				78815C2B2B66E84A000234DA /* index.html */,
			);
			path = it;
			sourceTree = "<group>";
		};
		78815C2C2B66E84A000234DA /* cn */ = {
			isa = PBXGroup;
			children = (
				78815C2D2B66E84A000234DA /* index.html */,
				78815C702B6703B5000234DA /* images */,
			);
			path = cn;
			sourceTree = "<group>";
		};
		78815C2E2B66E84A000234DA /* gb */ = {
			isa = PBXGroup;
			children = (
				78815C2F2B66E84A000234DA /* index.html */,
			);
			path = gb;
			sourceTree = "<group>";
		};
		78815C302B66E84A000234DA /* ca */ = {
			isa = PBXGroup;
			children = (
				78815C312B66E84A000234DA /* index.html */,
				78815C612B6703AD000234DA /* images */,
			);
			path = ca;
			sourceTree = "<group>";
		};
		78815C322B66E84A000234DA /* fr */ = {
			isa = PBXGroup;
			children = (
				78815C332B66E84A000234DA /* index.html */,
				78815C9D2B6703CA000234DA /* images */,
			);
			path = fr;
			sourceTree = "<group>";
		};
		78815C342B66E84A000234DA /* in */ = {
			isa = PBXGroup;
			children = (
				78815C352B66E84A000234DA /* index.html */,
			);
			path = in;
			sourceTree = "<group>";
		};
		78815C362B66E84A000234DA /* se */ = {
			isa = PBXGroup;
			children = (
				78815C372B66E84A000234DA /* index.html */,
			);
			path = se;
			sourceTree = "<group>";
		};
		78815C382B66E84A000234DA /* au */ = {
			isa = PBXGroup;
			children = (
				7824991C2B67166900FBBE33 /* index.html */,
				78815C522B67032B000234DA /* images */,
			);
			path = au;
			sourceTree = "<group>";
		};
		78815C3A2B66E84A000234DA /* jp */ = {
			isa = PBXGroup;
			children = (
				78815C3B2B66E84B000234DA /* index.html */,
			);
			path = jp;
			sourceTree = "<group>";
		};
		78815C3C2B66E84B000234DA /* ru */ = {
			isa = PBXGroup;
			children = (
				78815C3D2B66E84B000234DA /* index.html */,
			);
			path = ru;
			sourceTree = "<group>";
		};
		78815C3E2B66E84B000234DA /* ua */ = {
			isa = PBXGroup;
			children = (
				78815C3F2B66E84B000234DA /* index.html */,
			);
			path = ua;
			sourceTree = "<group>";
		};
		78815C422B66F60B000234DA /* images */ = {
			isa = PBXGroup;
			children = (
				78815C4C2B66F60B000234DA /* cell.0.png */,
				78815C4D2B66F60B000234DA /* cell.1.png */,
				78815C4F2B66F60B000234DA /* cell.2.png */,
				78815C4E2B66F60B000234DA /* cell.3.png */,
				78815C4B2B66F60B000234DA /* cell.4.png */,
				78815C4A2B66F60B000234DA /* cell.5.png */,
				78815C482B66F60B000234DA /* cell.6.png */,
				78815C492B66F60B000234DA /* cell.7.png */,
				78815C512B66F60B000234DA /* cell.8.png */,
				78815C502B66F60B000234DA /* cell.9.png */,
				78815C442B66F60B000234DA /* cell.10.png */,
				78815C432B66F60B000234DA /* cell.11.png */,
				78815C452B66F60B000234DA /* cell.12.png */,
				78815C462B66F60B000234DA /* cell.13.png */,
				78815C472B66F60B000234DA /* main.png */,
			);
			path = images;
			sourceTree = "<group>";
		};
		78815C522B67032B000234DA /* images */ = {
			isa = PBXGroup;
			children = (
				78815C5B2B67032B000234DA /* cell.0.png */,
				78815C5C2B67032B000234DA /* cell.1.png */,
				78815C5E2B67032B000234DA /* cell.2.png */,
				78815C5D2B67032B000234DA /* cell.3.png */,
				78815C5A2B67032B000234DA /* cell.4.png */,
				78815C592B67032B000234DA /* cell.5.png */,
				78815C572B67032B000234DA /* cell.6.png */,
				78815C582B67032B000234DA /* cell.7.png */,
				78815C602B67032B000234DA /* cell.8.png */,
				78815C5F2B67032B000234DA /* cell.9.png */,
				78815C542B67032B000234DA /* cell.10.png */,
				78815C532B67032B000234DA /* cell.11.png */,
				78815C552B67032B000234DA /* cell.12.png */,
				78815C562B67032B000234DA /* cell.13.png */,
			);
			path = images;
			sourceTree = "<group>";
		};
		78815C612B6703AD000234DA /* images */ = {
			isa = PBXGroup;
			children = (
				78815C6E2B6703AE000234DA /* cell.0.png */,
				78815C6C2B6703AE000234DA /* cell.1.png */,
				78815C632B6703AD000234DA /* cell.2.png */,
				78815C672B6703AD000234DA /* cell.3.png */,
				78815C622B6703AD000234DA /* cell.4.png */,
				78815C682B6703AD000234DA /* cell.5.png */,
				78815C6D2B6703AE000234DA /* cell.6.png */,
				78815C662B6703AD000234DA /* cell.7.png */,
				78815C6B2B6703AD000234DA /* cell.8.png */,
				78815C692B6703AD000234DA /* cell.9.png */,
				78815C652B6703AD000234DA /* cell.10.png */,
				78815C6F2B6703AE000234DA /* cell.11.png */,
				78815C642B6703AD000234DA /* cell.12.png */,
				78815C6A2B6703AD000234DA /* cell.13.png */,
			);
			path = images;
			sourceTree = "<group>";
		};
		78815C702B6703B5000234DA /* images */ = {
			isa = PBXGroup;
			children = (
				78815C712B6703B5000234DA /* cell.0.png */,
				78815C762B6703B5000234DA /* cell.1.png */,
				78815C772B6703B5000234DA /* cell.2.png */,
				78815C782B6703B5000234DA /* cell.3.png */,
				78815C732B6703B5000234DA /* cell.4.png */,
				78815C7B2B6703B5000234DA /* cell.5.png */,
				78815C7D2B6703B5000234DA /* cell.6.png */,
				78815C742B6703B5000234DA /* cell.7.png */,
				78815C722B6703B5000234DA /* cell.8.png */,
				78815C792B6703B5000234DA /* cell.9.png */,
				78815C752B6703B5000234DA /* cell.10.png */,
				78815C7E2B6703B5000234DA /* cell.11.png */,
				78815C7A2B6703B5000234DA /* cell.12.png */,
				78815C7C2B6703B5000234DA /* cell.13.png */,
			);
			path = images;
			sourceTree = "<group>";
		};
		78815C7F2B6703BD000234DA /* images */ = {
			isa = PBXGroup;
			children = (
				78815C8D2B6703BE000234DA /* cell.0.png */,
				78815C8B2B6703BE000234DA /* cell.1.png */,
				78815C8A2B6703BE000234DA /* cell.2.png */,
				78815C872B6703BE000234DA /* cell.3.png */,
				78815C822B6703BD000234DA /* cell.4.png */,
				78815C8C2B6703BE000234DA /* cell.5.png */,
				78815C842B6703BD000234DA /* cell.6.png */,
				78815C862B6703BE000234DA /* cell.7.png */,
				78815C852B6703BD000234DA /* cell.8.png */,
				78815C802B6703BD000234DA /* cell.9.png */,
				78815C812B6703BD000234DA /* cell.10.png */,
				78815C832B6703BD000234DA /* cell.11.png */,
				78815C892B6703BE000234DA /* cell.12.png */,
				78815C882B6703BE000234DA /* cell.13.png */,
			);
			path = images;
			sourceTree = "<group>";
		};
		78815C8E2B6703C3000234DA /* images */ = {
			isa = PBXGroup;
			children = (
				78815C9A2B6703C4000234DA /* cell.0.png */,
				78815C962B6703C3000234DA /* cell.1.png */,
				78815C902B6703C3000234DA /* cell.2.png */,
				78815C932B6703C3000234DA /* cell.3.png */,
				78815C9C2B6703C4000234DA /* cell.4.png */,
				78815C9B2B6703C4000234DA /* cell.5.png */,
				78815C8F2B6703C3000234DA /* cell.6.png */,
				78815C922B6703C3000234DA /* cell.7.png */,
				78815C972B6703C3000234DA /* cell.8.png */,
				78815C942B6703C3000234DA /* cell.9.png */,
				78815C912B6703C3000234DA /* cell.10.png */,
				78815C982B6703C4000234DA /* cell.11.png */,
				78815C992B6703C4000234DA /* cell.12.png */,
				78815C952B6703C3000234DA /* cell.13.png */,
			);
			path = images;
			sourceTree = "<group>";
		};
		78815C9D2B6703CA000234DA /* images */ = {
			isa = PBXGroup;
			children = (
				78815CAB2B6703CA000234DA /* cell.0.png */,
				78815C9F2B6703CA000234DA /* cell.1.png */,
				78815CA92B6703CA000234DA /* cell.2.png */,
				78815CA02B6703CA000234DA /* cell.3.png */,
				78815CA32B6703CA000234DA /* cell.4.png */,
				78815CA12B6703CA000234DA /* cell.5.png */,
				78815CA72B6703CA000234DA /* cell.6.png */,
				78815CA22B6703CA000234DA /* cell.7.png */,
				78815C9E2B6703CA000234DA /* cell.8.png */,
				78815CA62B6703CA000234DA /* cell.9.png */,
				78815CA82B6703CA000234DA /* cell.10.png */,
				78815CA52B6703CA000234DA /* cell.11.png */,
				78815CAA2B6703CA000234DA /* cell.12.png */,
				78815CA42B6703CA000234DA /* cell.13.png */,
			);
			path = images;
			sourceTree = "<group>";
		};
		78815CAC2B6703E3000234DA /* images */ = {
			isa = PBXGroup;
			children = (
				78815CAD2B6703E3000234DA /* cell.11.png */,
				78815CAE2B6703E3000234DA /* cell.10.png */,
				78815CAF2B6703E3000234DA /* cell.12.png */,
				78815CB02B6703E3000234DA /* cell.13.png */,
				78815CB12B6703E3000234DA /* cell.6.png */,
				78815CB22B6703E3000234DA /* cell.7.png */,
				78815CB32B6703E3000234DA /* cell.5.png */,
				78815CB42B6703E3000234DA /* cell.4.png */,
				78815CB52B6703E3000234DA /* cell.0.png */,
				78815CB62B6703E3000234DA /* cell.1.png */,
				78815CB72B6703E3000234DA /* cell.3.png */,
				78815CB82B6703E3000234DA /* cell.2.png */,
				78815CB92B6703E3000234DA /* cell.9.png */,
				78815CBA2B6703E3000234DA /* cell.8.png */,
			);
			path = images;
			sourceTree = "<group>";
		};
		973AEB2E2900633600146F05 /* it */ = {
			isa = PBXGroup;
			children = (
				973AEB2F2900633600146F05 /* index.html */,
			);
			path = it;
			sourceTree = "<group>";
		};
		973AEB302900633600146F05 /* fr */ = {
			isa = PBXGroup;
			children = (
				973AEB312900633600146F05 /* index.html */,
			);
			path = fr;
			sourceTree = "<group>";
		};
		973AEB322900633600146F05 /* ru */ = {
			isa = PBXGroup;
			children = (
				973AEB332900633600146F05 /* index.html */,
			);
			path = ru;
			sourceTree = "<group>";
		};
		973AEB342900633600146F05 /* ca */ = {
			isa = PBXGroup;
			children = (
				973AEB352900633600146F05 /* index.html */,
			);
			path = ca;
			sourceTree = "<group>";
		};
		973AEB362900633600146F05 /* fr-ca */ = {
			isa = PBXGroup;
			children = (
				973AEB372900633600146F05 /* index.html */,
			);
			path = "fr-ca";
			sourceTree = "<group>";
		};
		973AEB382900633600146F05 /* au */ = {
			isa = PBXGroup;
			children = (
				973AEB392900633600146F05 /* index.html */,
			);
			path = au;
			sourceTree = "<group>";
		};
		973AEB3A2900633600146F05 /* de */ = {
			isa = PBXGroup;
			children = (
				973AEB3B2900633600146F05 /* index.html */,
			);
			path = de;
			sourceTree = "<group>";
		};
		973AEB3C2900633600146F05 /* jp */ = {
			isa = PBXGroup;
			children = (
				973AEB3D2900633600146F05 /* index.html */,
			);
			path = jp;
			sourceTree = "<group>";
		};
		973AEB402900633600146F05 /* ua */ = {
			isa = PBXGroup;
			children = (
				973AEB412900633600146F05 /* index.html */,
			);
			path = ua;
			sourceTree = "<group>";
		};
		973AEB422900633600146F05 /* gb */ = {
			isa = PBXGroup;
			children = (
				973AEB432900633600146F05 /* index.html */,
			);
			path = gb;
			sourceTree = "<group>";
		};
		973AEB442900633700146F05 /* se */ = {
			isa = PBXGroup;
			children = (
				973AEB452900633700146F05 /* index.html */,
			);
			path = se;
			sourceTree = "<group>";
		};
		973AEB462900633700146F05 /* es */ = {
			isa = PBXGroup;
			children = (
				973AEB472900633700146F05 /* index.html */,
			);
			path = es;
			sourceTree = "<group>";
		};
		973AEB482900633700146F05 /* pl */ = {
			isa = PBXGroup;
			children = (
				973AEB492900633700146F05 /* index.html */,
			);
			path = pl;
			sourceTree = "<group>";
		};
		973AEB4A2900633700146F05 /* cn */ = {
			isa = PBXGroup;
			children = (
				973AEB4B2900633700146F05 /* index.html */,
			);
			path = cn;
			sourceTree = "<group>";
		};
		975E706A284BE39C00241F55 = {
			isa = PBXGroup;
			children = (
				9726ECE3285401E0002E7BDD /* CNAME */,
				975E7077284BE3F900241F55 /* .gitignore */,
				975E7075284BE3EB00241F55 /* index.html */,
				78815C182B65D30E000234DA /* maxdaylight */,
				973AEB382900633600146F05 /* au */,
				973AEB342900633600146F05 /* ca */,
				973AEB4A2900633700146F05 /* cn */,
				973AEB3A2900633600146F05 /* de */,
				973AEB462900633700146F05 /* es */,
				973AEB302900633600146F05 /* fr */,
				973AEB362900633600146F05 /* fr-ca */,
				973AEB422900633600146F05 /* gb */,
				973AEB2E2900633600146F05 /* it */,
				973AEB3C2900633600146F05 /* jp */,
				973AEB482900633700146F05 /* pl */,
				973AEB322900633600146F05 /* ru */,
				973AEB442900633700146F05 /* se */,
				973AEB402900633600146F05 /* ua */,
				97D5B1CC2858161100B5433A /* snippets.not.to.be.committed */,
				975E7073284BE3EB00241F55 /* privacy-policy-2022.html */,
				975E7072284BE3EB00241F55 /* privacy-policy.html */,
				9726ECE22853F22F002E7BDD /* contact.html */,
				786480EC29A574210059B3E5 /* team.html */,
				975E7076284BE3EB00241F55 /* icons */,
				975E7071284BE3EB00241F55 /* images */,
				975E7074284BE3EB00241F55 /* stylesheets */,
			);
			sourceTree = "<group>";
		};
/* End PBXGroup section */

/* Begin PBXProject section */
		975E706B284BE39C00241F55 /* Project object */ = {
			isa = PBXProject;
			attributes = {
				BuildIndependentTargetsInParallel = 1;
				LastUpgradeCheck = 1340;
			};
			buildConfigurationList = 975E706E284BE39C00241F55 /* Build configuration list for PBXProject "359north.github.io" */;
			compatibilityVersion = "Xcode 13.0";
			developmentRegion = en;
			hasScannedForEncodings = 0;
			knownRegions = (
				en,
				Base,
			);
			mainGroup = 975E706A284BE39C00241F55;
			projectDirPath = "";
			projectRoot = "";
			targets = (
			);
		};
/* End PBXProject section */

/* Begin XCBuildConfiguration section */
		975E706F284BE39C00241F55 /* Debug */ = {
			isa = XCBuildConfiguration;
			buildSettings = {
			};
			name = Debug;
		};
		975E7070284BE39C00241F55 /* Release */ = {
			isa = XCBuildConfiguration;
			buildSettings = {
			};
			name = Release;
		};
/* End XCBuildConfiguration section */

/* Begin XCConfigurationList section */
		975E706E284BE39C00241F55 /* Build configuration list for PBXProject "359north.github.io" */ = {
			isa = XCConfigurationList;
			buildConfigurations = (
				975E706F284BE39C00241F55 /* Debug */,
				975E7070284BE39C00241F55 /* Release */,
			);
			defaultConfigurationIsVisible = 0;
			defaultConfigurationName = Release;
		};
/* End XCConfigurationList section */
	};
	rootObject = 975E706B284BE39C00241F55 /* Project object */;
}
